// !$*UTF8*$!
{
	archiveVersion = 1;
	classes = {
	};
	objectVersion = 46;
	objects = {

/* Begin PBXBuildFile section */
		856272C31D22B09D00630FB5 /* XMGEssenceViewController.m in Sources */ = {isa = PBXBuildFile; fileRef = 856272C21D22B09D00630FB5 /* XMGEssenceViewController.m */; };
		856272C61D22B10500630FB5 /* XMGNewViewController.m in Sources */ = {isa = PBXBuildFile; fileRef = 856272C51D22B10500630FB5 /* XMGNewViewController.m */; };
		856272C91D22B17E00630FB5 /* XMGFriendTrendsViewController.m in Sources */ = {isa = PBXBuildFile; fileRef = 856272C81D22B17E00630FB5 /* XMGFriendTrendsViewController.m */; };
		856272CC1D22B19100630FB5 /* XMGMeViewController.m in Sources */ = {isa = PBXBuildFile; fileRef = 856272CB1D22B19100630FB5 /* XMGMeViewController.m */; };
		85C7DD8C1D1FAF95007D1751 /* main.m in Sources */ = {isa = PBXBuildFile; fileRef = 85C7DD8B1D1FAF95007D1751 /* main.m */; };
		85C7DD8F1D1FAF95007D1751 /* AppDelegate.m in Sources */ = {isa = PBXBuildFile; fileRef = 85C7DD8E1D1FAF95007D1751 /* AppDelegate.m */; };
		85C7DD951D1FAF95007D1751 /* Main.storyboard in Resources */ = {isa = PBXBuildFile; fileRef = 85C7DD931D1FAF95007D1751 /* Main.storyboard */; };
		85C7DD971D1FAF95007D1751 /* Assets.xcassets in Resources */ = {isa = PBXBuildFile; fileRef = 85C7DD961D1FAF95007D1751 /* Assets.xcassets */; };
		85EE0BED1D240356006AA28A /* XMGTabBar.m in Sources */ = {isa = PBXBuildFile; fileRef = 85EE0BEC1D240356006AA28A /* XMGTabBar.m */; };
		85EE0BF01D240371006AA28A /* UIView+XMGExtension.m in Sources */ = {isa = PBXBuildFile; fileRef = 85EE0BEF1D240371006AA28A /* UIView+XMGExtension.m */; };
		85FFDE811D21712900DC9544 /* XMGTabBarController.m in Sources */ = {isa = PBXBuildFile; fileRef = 85FFDE801D21712900DC9544 /* XMGTabBarController.m */; };
/* End PBXBuildFile section */

/* Begin PBXFileReference section */
		856272C11D22B09D00630FB5 /* XMGEssenceViewController.h */ = {isa = PBXFileReference; fileEncoding = 4; lastKnownFileType = sourcecode.c.h; path = XMGEssenceViewController.h; sourceTree = "<group>"; };
		856272C21D22B09D00630FB5 /* XMGEssenceViewController.m */ = {isa = PBXFileReference; fileEncoding = 4; lastKnownFileType = sourcecode.c.objc; path = XMGEssenceViewController.m; sourceTree = "<group>"; };
		856272C41D22B10500630FB5 /* XMGNewViewController.h */ = {isa = PBXFileReference; fileEncoding = 4; lastKnownFileType = sourcecode.c.h; path = XMGNewViewController.h; sourceTree = "<group>"; };
		856272C51D22B10500630FB5 /* XMGNewViewController.m */ = {isa = PBXFileReference; fileEncoding = 4; lastKnownFileType = sourcecode.c.objc; path = XMGNewViewController.m; sourceTree = "<group>"; };
		856272C71D22B17E00630FB5 /* XMGFriendTrendsViewController.h */ = {isa = PBXFileReference; fileEncoding = 4; lastKnownFileType = sourcecode.c.h; path = XMGFriendTrendsViewController.h; sourceTree = "<group>"; };
		856272C81D22B17E00630FB5 /* XMGFriendTrendsViewController.m */ = {isa = PBXFileReference; fileEncoding = 4; lastKnownFileType = sourcecode.c.objc; path = XMGFriendTrendsViewController.m; sourceTree = "<group>"; };
		856272CA1D22B19100630FB5 /* XMGMeViewController.h */ = {isa = PBXFileReference; fileEncoding = 4; lastKnownFileType = sourcecode.c.h; path = XMGMeViewController.h; sourceTree = "<group>"; };
		856272CB1D22B19100630FB5 /* XMGMeViewController.m */ = {isa = PBXFileReference; fileEncoding = 4; lastKnownFileType = sourcecode.c.objc; path = XMGMeViewController.m; sourceTree = "<group>"; };
		85C7DD871D1FAF95007D1751 /* 百思不得姐.app */ = {isa = PBXFileReference; explicitFileType = wrapper.application; includeInIndex = 0; path = "百思不得姐.app"; sourceTree = BUILT_PRODUCTS_DIR; };
		85C7DD8B1D1FAF95007D1751 /* main.m */ = {isa = PBXFileReference; lastKnownFileType = sourcecode.c.objc; path = main.m; sourceTree = "<group>"; };
		85C7DD8D1D1FAF95007D1751 /* AppDelegate.h */ = {isa = PBXFileReference; lastKnownFileType = sourcecode.c.h; path = AppDelegate.h; sourceTree = "<group>"; };
		85C7DD8E1D1FAF95007D1751 /* AppDelegate.m */ = {isa = PBXFileReference; lastKnownFileType = sourcecode.c.objc; path = AppDelegate.m; sourceTree = "<group>"; };
		85C7DD941D1FAF95007D1751 /* Base */ = {isa = PBXFileReference; lastKnownFileType = file.storyboard; name = Base; path = Base.lproj/Main.storyboard; sourceTree = "<group>"; };
		85C7DD961D1FAF95007D1751 /* Assets.xcassets */ = {isa = PBXFileReference; lastKnownFileType = folder.assetcatalog; path = Assets.xcassets; sourceTree = "<group>"; };
		85C7DD9B1D1FAF95007D1751 /* Info.plist */ = {isa = PBXFileReference; lastKnownFileType = text.plist.xml; path = Info.plist; sourceTree = "<group>"; };
		85EE0BEB1D240356006AA28A /* XMGTabBar.h */ = {isa = PBXFileReference; fileEncoding = 4; lastKnownFileType = sourcecode.c.h; path = XMGTabBar.h; sourceTree = "<group>"; };
		85EE0BEC1D240356006AA28A /* XMGTabBar.m */ = {isa = PBXFileReference; fileEncoding = 4; lastKnownFileType = sourcecode.c.objc; path = XMGTabBar.m; sourceTree = "<group>"; };
		85EE0BEE1D240371006AA28A /* UIView+XMGExtension.h */ = {isa = PBXFileReference; fileEncoding = 4; lastKnownFileType = sourcecode.c.h; path = "UIView+XMGExtension.h"; sourceTree = "<group>"; };
		85EE0BEF1D240371006AA28A /* UIView+XMGExtension.m */ = {isa = PBXFileReference; fileEncoding = 4; lastKnownFileType = sourcecode.c.objc; path = "UIView+XMGExtension.m"; sourceTree = "<group>"; };
		85EE0BF11D24037D006AA28A /* PrefixHeader.pch */ = {isa = PBXFileReference; lastKnownFileType = sourcecode.c.h; path = PrefixHeader.pch; sourceTree = "<group>"; };
		85FFDE7F1D21712900DC9544 /* XMGTabBarController.h */ = {isa = PBXFileReference; fileEncoding = 4; lastKnownFileType = sourcecode.c.h; path = XMGTabBarController.h; sourceTree = "<group>"; };
		85FFDE801D21712900DC9544 /* XMGTabBarController.m */ = {isa = PBXFileReference; fileEncoding = 4; lastKnownFileType = sourcecode.c.objc; path = XMGTabBarController.m; sourceTree = "<group>"; };
/* End PBXFileReference section */

/* Begin PBXFrameworksBuildPhase section */
		85C7DD841D1FAF95007D1751 /* Frameworks */ = {
			isa = PBXFrameworksBuildPhase;
			buildActionMask = 2147483647;
			files = (
			);
			runOnlyForDeploymentPostprocessing = 0;
		};
/* End PBXFrameworksBuildPhase section */

/* Begin PBXGroup section */
		85C7DD7E1D1FAF95007D1751 = {
			isa = PBXGroup;
			children = (
				85C7DD891D1FAF95007D1751 /* 百思不得姐 */,
				85C7DD881D1FAF95007D1751 /* Products */,
			);
			sourceTree = "<group>";
		};
		85C7DD881D1FAF95007D1751 /* Products */ = {
			isa = PBXGroup;
			children = (
				85C7DD871D1FAF95007D1751 /* 百思不得姐.app */,
			);
			name = Products;
			sourceTree = "<group>";
		};
		85C7DD891D1FAF95007D1751 /* 百思不得姐 */ = {
			isa = PBXGroup;
			children = (
				85EE0BF11D24037D006AA28A /* PrefixHeader.pch */,
				85EE0BEB1D240356006AA28A /* XMGTabBar.h */,
				85EE0BEC1D240356006AA28A /* XMGTabBar.m */,
				85EE0BEE1D240371006AA28A /* UIView+XMGExtension.h */,
				85EE0BEF1D240371006AA28A /* UIView+XMGExtension.m */,
				85C7DD8D1D1FAF95007D1751 /* AppDelegate.h */,
				85C7DD8E1D1FAF95007D1751 /* AppDelegate.m */,
				85FFDE7F1D21712900DC9544 /* XMGTabBarController.h */,
				85FFDE801D21712900DC9544 /* XMGTabBarController.m */,
				856272C11D22B09D00630FB5 /* XMGEssenceViewController.h */,
				856272C21D22B09D00630FB5 /* XMGEssenceViewController.m */,
				856272C41D22B10500630FB5 /* XMGNewViewController.h */,
				856272C51D22B10500630FB5 /* XMGNewViewController.m */,
				856272C71D22B17E00630FB5 /* XMGFriendTrendsViewController.h */,
				856272C81D22B17E00630FB5 /* XMGFriendTrendsViewController.m */,
				856272CA1D22B19100630FB5 /* XMGMeViewController.h */,
				856272CB1D22B19100630FB5 /* XMGMeViewController.m */,
				85C7DD8A1D1FAF95007D1751 /* Supporting Files */,
			);
			path = "百思不得姐";
			sourceTree = "<group>";
		};
		85C7DD8A1D1FAF95007D1751 /* Supporting Files */ = {
			isa = PBXGroup;
			children = (
				85C7DD961D1FAF95007D1751 /* Assets.xcassets */,
				85C7DD931D1FAF95007D1751 /* Main.storyboard */,
				85C7DD9B1D1FAF95007D1751 /* Info.plist */,
				85C7DD8B1D1FAF95007D1751 /* main.m */,
			);
			name = "Supporting Files";
			sourceTree = "<group>";
		};
/* End PBXGroup section */

/* Begin PBXNativeTarget section */
		85C7DD861D1FAF95007D1751 /* 百思不得姐 */ = {
			isa = PBXNativeTarget;
			buildConfigurationList = 85C7DD9E1D1FAF95007D1751 /* Build configuration list for PBXNativeTarget "百思不得姐" */;
			buildPhases = (
				85C7DD831D1FAF95007D1751 /* Sources */,
				85C7DD841D1FAF95007D1751 /* Frameworks */,
				85C7DD851D1FAF95007D1751 /* Resources */,
			);
			buildRules = (
			);
			dependencies = (
			);
			name = "百思不得姐";
			productName = "百思不得姐";
			productReference = 85C7DD871D1FAF95007D1751 /* 百思不得姐.app */;
			productType = "com.apple.product-type.application";
		};
/* End PBXNativeTarget section */

/* Begin PBXProject section */
		85C7DD7F1D1FAF95007D1751 /* Project object */ = {
			isa = PBXProject;
			attributes = {
				CLASSPREFIX = XMG;
				LastUpgradeCheck = 0730;
				ORGANIZATIONNAME = apple;
				TargetAttributes = {
					85C7DD861D1FAF95007D1751 = {
						CreatedOnToolsVersion = 7.3.1;
						DevelopmentTeam = X2PZCX64NQ;
					};
				};
			};
			buildConfigurationList = 85C7DD821D1FAF95007D1751 /* Build configuration list for PBXProject "百思不得姐" */;
			compatibilityVersion = "Xcode 3.2";
			developmentRegion = English;
			hasScannedForEncodings = 0;
			knownRegions = (
				en,
				Base,
			);
			mainGroup = 85C7DD7E1D1FAF95007D1751;
			productRefGroup = 85C7DD881D1FAF95007D1751 /* Products */;
			projectDirPath = "";
			projectRoot = "";
			targets = (
				85C7DD861D1FAF95007D1751 /* 百思不得姐 */,
			);
		};
/* End PBXProject section */

/* Begin PBXResourcesBuildPhase section */
		85C7DD851D1FAF95007D1751 /* Resources */ = {
			isa = PBXResourcesBuildPhase;
			buildActionMask = 2147483647;
			files = (
				85C7DD971D1FAF95007D1751 /* Assets.xcassets in Resources */,
				85C7DD951D1FAF95007D1751 /* Main.storyboard in Resources */,
			);
			runOnlyForDeploymentPostprocessing = 0;
		};
/* End PBXResourcesBuildPhase section */

/* Begin PBXSourcesBuildPhase section */
		85C7DD831D1FAF95007D1751 /* Sources */ = {
			isa = PBXSourcesBuildPhase;
			buildActionMask = 2147483647;
			files = (
				85EE0BED1D240356006AA28A /* XMGTabBar.m in Sources */,
				85EE0BF01D240371006AA28A /* UIView+XMGExtension.m in Sources */,
				85FFDE811D21712900DC9544 /* XMGTabBarController.m in Sources */,
				856272C61D22B10500630FB5 /* XMGNewViewController.m in Sources */,
				85C7DD8F1D1FAF95007D1751 /* AppDelegate.m in Sources */,
				856272C91D22B17E00630FB5 /* XMGFriendTrendsViewController.m in Sources */,
				856272C31D22B09D00630FB5 /* XMGEssenceViewController.m in Sources */,
				856272CC1D22B19100630FB5 /* XMGMeViewController.m in Sources */,
				85C7DD8C1D1FAF95007D1751 /* main.m in Sources */,
			);
			runOnlyForDeploymentPostprocessing = 0;
		};
/* End PBXSourcesBuildPhase section */

/* Begin PBXVariantGroup section */
		85C7DD931D1FAF95007D1751 /* Main.storyboard */ = {
			isa = PBXVariantGroup;
			children = (
				85C7DD941D1FAF95007D1751 /* Base */,
			);
			name = Main.storyboard;
			sourceTree = "<group>";
		};
/* End PBXVariantGroup section */

/* Begin XCBuildConfiguration section */
		85C7DD9C1D1FAF95007D1751 /* Debug */ = {
			isa = XCBuildConfiguration;
			buildSettings = {
				ALWAYS_SEARCH_USER_PATHS = NO;
				CLANG_ANALYZER_NONNULL = YES;
				CLANG_CXX_LANGUAGE_STANDARD = "gnu++0x";
				CLANG_CXX_LIBRARY = "libc++";
				CLANG_ENABLE_MODULES = YES;
				CLANG_ENABLE_OBJC_ARC = YES;
				CLANG_WARN_BOOL_CONVERSION = YES;
				CLANG_WARN_CONSTANT_CONVERSION = YES;
				CLANG_WARN_DIRECT_OBJC_ISA_USAGE = YES_ERROR;
				CLANG_WARN_EMPTY_BODY = YES;
				CLANG_WARN_ENUM_CONVERSION = YES;
				CLANG_WARN_INT_CONVERSION = YES;
				CLANG_WARN_OBJC_ROOT_CLASS = YES_ERROR;
				CLANG_WARN_UNREACHABLE_CODE = YES;
				CLANG_WARN__DUPLICATE_METHOD_MATCH = YES;
				"CODE_SIGN_IDENTITY[sdk=iphoneos*]" = "iPhone Developer";
				COPY_PHASE_STRIP = NO;
				DEBUG_INFORMATION_FORMAT = dwarf;
				ENABLE_STRICT_OBJC_MSGSEND = YES;
				ENABLE_TESTABILITY = YES;
				GCC_C_LANGUAGE_STANDARD = gnu99;
				GCC_DYNAMIC_NO_PIC = NO;
				GCC_NO_COMMON_BLOCKS = YES;
				GCC_OPTIMIZATION_LEVEL = 0;
				GCC_PREPROCESSOR_DEFINITIONS = (
					"DEBUG=1",
					"$(inherited)",
				);
				GCC_WARN_64_TO_32_BIT_CONVERSION = YES;
				GCC_WARN_ABOUT_RETURN_TYPE = YES_ERROR;
				GCC_WARN_UNDECLARED_SELECTOR = YES;
				GCC_WARN_UNINITIALIZED_AUTOS = YES_AGGRESSIVE;
				GCC_WARN_UNUSED_FUNCTION = YES;
				GCC_WARN_UNUSED_VARIABLE = YES;
				IPHONEOS_DEPLOYMENT_TARGET = 9.3;
				MTL_ENABLE_DEBUG_INFO = YES;
				ONLY_ACTIVE_ARCH = YES;
				SDKROOT = iphoneos;
			};
			name = Debug;
		};
		85C7DD9D1D1FAF95007D1751 /* Release */ = {
			isa = XCBuildConfiguration;
			buildSettings = {
				ALWAYS_SEARCH_USER_PATHS = NO;
				CLANG_ANALYZER_NONNULL = YES;
				CLANG_CXX_LANGUAGE_STANDARD = "gnu++0x";
				CLANG_CXX_LIBRARY = "libc++";
				CLANG_ENABLE_MODULES = YES;
				CLANG_ENABLE_OBJC_ARC = YES;
				CLANG_WARN_BOOL_CONVERSION = YES;
				CLANG_WARN_CONSTANT_CONVERSION = YES;
				CLANG_WARN_DIRECT_OBJC_ISA_USAGE = YES_ERROR;
				CLANG_WARN_EMPTY_BODY = YES;
				CLANG_WARN_ENUM_CONVERSION = YES;
				CLANG_WARN_INT_CONVERSION = YES;
				CLANG_WARN_OBJC_ROOT_CLASS = YES_ERROR;
				CLANG_WARN_UNREACHABLE_CODE = YES;
				CLANG_WARN__DUPLICATE_METHOD_MATCH = YES;
				"CODE_SIGN_IDENTITY[sdk=iphoneos*]" = "iPhone Developer";
				COPY_PHASE_STRIP = NO;
				DEBUG_INFORMATION_FORMAT = "dwarf-with-dsym";
				ENABLE_NS_ASSERTIONS = NO;
				ENABLE_STRICT_OBJC_MSGSEND = YES;
				GCC_C_LANGUAGE_STANDARD = gnu99;
				GCC_NO_COMMON_BLOCKS = YES;
				GCC_WARN_64_TO_32_BIT_CONVERSION = YES;
				GCC_WARN_ABOUT_RETURN_TYPE = YES_ERROR;
				GCC_WARN_UNDECLARED_SELECTOR = YES;
				GCC_WARN_UNINITIALIZED_AUTOS = YES_AGGRESSIVE;
				GCC_WARN_UNUSED_FUNCTION = YES;
				GCC_WARN_UNUSED_VARIABLE = YES;
				IPHONEOS_DEPLOYMENT_TARGET = 9.3;
				MTL_ENABLE_DEBUG_INFO = NO;
				SDKROOT = iphoneos;
				VALIDATE_PRODUCT = YES;
			};
			name = Release;
		};
		85C7DD9F1D1FAF95007D1751 /* Debug */ = {
			isa = XCBuildConfiguration;
			buildSettings = {
				ASSETCATALOG_COMPILER_APPICON_NAME = AppIcon;
				ASSETCATALOG_COMPILER_LAUNCHIMAGE_NAME = LaunchImage;
				GCC_PREFIX_HEADER = "百思不得姐/PrefixHeader.pch";
				INFOPLIST_FILE = "百思不得姐/Info.plist";
				LD_RUNPATH_SEARCH_PATHS = "$(inherited) @executable_path/Frameworks";
				PRODUCT_BUNDLE_IDENTIFIER = "com.jiandougang.-----";
				PRODUCT_NAME = "$(TARGET_NAME)";
			};
			name = Debug;
		};
		85C7DDA01D1FAF95007D1751 /* Release */ = {
			isa = XCBuildConfiguration;
			buildSettings = {
				ASSETCATALOG_COMPILER_APPICON_NAME = AppIcon;
				ASSETCATALOG_COMPILER_LAUNCHIMAGE_NAME = LaunchImage;
				GCC_PREFIX_HEADER = "百思不得姐/PrefixHeader.pch";
				INFOPLIST_FILE = "百思不得姐/Info.plist";
				LD_RUNPATH_SEARCH_PATHS = "$(inherited) @executable_path/Frameworks";
				PRODUCT_BUNDLE_IDENTIFIER = "com.jiandougang.-----";
				PRODUCT_NAME = "$(TARGET_NAME)";
			};
			name = Release;
		};
/* End XCBuildConfiguration section */

/* Begin XCConfigurationList section */
		85C7DD821D1FAF95007D1751 /* Build configuration list for PBXProject "百思不得姐" */ = {
			isa = XCConfigurationList;
			buildConfigurations = (
				85C7DD9C1D1FAF95007D1751 /* Debug */,
				85C7DD9D1D1FAF95007D1751 /* Release */,
			);
			defaultConfigurationIsVisible = 0;
			defaultConfigurationName = Release;
		};
		85C7DD9E1D1FAF95007D1751 /* Build configuration list for PBXNativeTarget "百思不得姐" */ = {
			isa = XCConfigurationList;
			buildConfigurations = (
				85C7DD9F1D1FAF95007D1751 /* Debug */,
				85C7DDA01D1FAF95007D1751 /* Release */,
			);
			defaultConfigurationIsVisible = 0;
			defaultConfigurationName = Release;
		};
/* End XCConfigurationList section */
	};
	rootObject = 85C7DD7F1D1FAF95007D1751 /* Project object */;
}
