// !$*UTF8*$!
{
	archiveVersion = 1;
	classes = {
	};
	objectVersion = 46;
	objects = {

/* Begin PBXBuildFile section */
		850B66781D3B65EB00485340 /* XMGRecommendTagsViewController.m in Sources */ = {isa = PBXBuildFile; fileRef = 850B66771D3B65EB00485340 /* XMGRecommendTagsViewController.m */; };
		850B667B1D3B734300485340 /* XMGRecommendTag.m in Sources */ = {isa = PBXBuildFile; fileRef = 850B667A1D3B734300485340 /* XMGRecommendTag.m */; };
		850B667F1D3B7FC300485340 /* XMGRecommendTagCell.m in Sources */ = {isa = PBXBuildFile; fileRef = 850B667D1D3B7FC300485340 /* XMGRecommendTagCell.m */; };
		850B66801D3B7FC300485340 /* XMGRecommendTagCell.xib in Resources */ = {isa = PBXBuildFile; fileRef = 850B667E1D3B7FC300485340 /* XMGRecommendTagCell.xib */; };
		853D236C1D4C91900042D973 /* XMGAllViewController.m in Sources */ = {isa = PBXBuildFile; fileRef = 853D236B1D4C91900042D973 /* XMGAllViewController.m */; };
		853D236F1D4C92C30042D973 /* XMGPictureViewController.m in Sources */ = {isa = PBXBuildFile; fileRef = 853D236E1D4C92C30042D973 /* XMGPictureViewController.m */; };
		853D23721D4C92DC0042D973 /* XMGWordViewController.m in Sources */ = {isa = PBXBuildFile; fileRef = 853D23711D4C92DC0042D973 /* XMGWordViewController.m */; };
		853D23751D4C92F30042D973 /* XMGVoiceViewController.m in Sources */ = {isa = PBXBuildFile; fileRef = 853D23741D4C92F30042D973 /* XMGVoiceViewController.m */; };
		853D23781D4CE17D0042D973 /* XMGVideoViewController.m in Sources */ = {isa = PBXBuildFile; fileRef = 853D23771D4CE17D0042D973 /* XMGVideoViewController.m */; };
		853D237B1D4DEB1E0042D973 /* XMGTopic.m in Sources */ = {isa = PBXBuildFile; fileRef = 853D237A1D4DEB1E0042D973 /* XMGTopic.m */; };
		8543744F1D2ABD9700EAD775 /* XMGFriendTrendsViewController.xib in Resources */ = {isa = PBXBuildFile; fileRef = 8543744E1D2ABD9700EAD775 /* XMGFriendTrendsViewController.xib */; };
		854453591D431D1D00B0CC26 /* XMGTextField.m in Sources */ = {isa = PBXBuildFile; fileRef = 854453581D431D1D00B0CC26 /* XMGTextField.m */; };
		856493311D2575B100B220CF /* XMGEssenceViewController.m in Sources */ = {isa = PBXBuildFile; fileRef = 8564930C1D2575B100B220CF /* XMGEssenceViewController.m */; };
		856493321D2575B100B220CF /* XMGFriendTrendsViewController.m in Sources */ = {isa = PBXBuildFile; fileRef = 856493121D2575B100B220CF /* XMGFriendTrendsViewController.m */; };
		856493331D2575B100B220CF /* XMGMeViewController.m in Sources */ = {isa = PBXBuildFile; fileRef = 856493181D2575B100B220CF /* XMGMeViewController.m */; };
		856493341D2575B100B220CF /* XMGNewViewController.m in Sources */ = {isa = PBXBuildFile; fileRef = 8564931E1D2575B100B220CF /* XMGNewViewController.m */; };
		856493351D2575B100B220CF /* AppDelegate.m in Sources */ = {isa = PBXBuildFile; fileRef = 856493231D2575B100B220CF /* AppDelegate.m */; };
		856493361D2575B100B220CF /* UIBarButtonItem+XMGExtension.m in Sources */ = {isa = PBXBuildFile; fileRef = 856493261D2575B100B220CF /* UIBarButtonItem+XMGExtension.m */; };
		856493371D2575B100B220CF /* UIView+XMGExtension.m in Sources */ = {isa = PBXBuildFile; fileRef = 856493281D2575B100B220CF /* UIView+XMGExtension.m */; };
		856493381D2575B100B220CF /* XMGTabBarController.m in Sources */ = {isa = PBXBuildFile; fileRef = 8564932B1D2575B100B220CF /* XMGTabBarController.m */; };
		856493391D2575B100B220CF /* main.m in Sources */ = {isa = PBXBuildFile; fileRef = 8564932C1D2575B100B220CF /* main.m */; };
		8564933A1D2575B100B220CF /* XMGTabBar.m in Sources */ = {isa = PBXBuildFile; fileRef = 856493301D2575B100B220CF /* XMGTabBar.m */; };
		8571D5691D2EA24B0071CCDD /* XMGRecommendViewController.m in Sources */ = {isa = PBXBuildFile; fileRef = 8571D5671D2EA24B0071CCDD /* XMGRecommendViewController.m */; };
		8571D56A1D2EA24B0071CCDD /* XMGRecommendViewController.xib in Resources */ = {isa = PBXBuildFile; fileRef = 8571D5681D2EA24B0071CCDD /* XMGRecommendViewController.xib */; };
		8571D56C1D2EAD520071CCDD /* Foundation+Log.m in Sources */ = {isa = PBXBuildFile; fileRef = 8571D56B1D2EAD520071CCDD /* Foundation+Log.m */; };
		858577C21D30A982001BD2EB /* XMGRecommendCategory.m in Sources */ = {isa = PBXBuildFile; fileRef = 858577C11D30A982001BD2EB /* XMGRecommendCategory.m */; };
		858577C61D30D8F1001BD2EB /* XMGRecommendCategoryCell.m in Sources */ = {isa = PBXBuildFile; fileRef = 858577C41D30D8F1001BD2EB /* XMGRecommendCategoryCell.m */; };
		858577C71D30D8F1001BD2EB /* XMGRecommendCategoryCell.xib in Resources */ = {isa = PBXBuildFile; fileRef = 858577C51D30D8F1001BD2EB /* XMGRecommendCategoryCell.xib */; };
		85C42E3E1D3271BA00B28A98 /* XMGRecommendUserCell.m in Sources */ = {isa = PBXBuildFile; fileRef = 85C42E3C1D3271BA00B28A98 /* XMGRecommendUserCell.m */; };
		85C42E3F1D3271BA00B28A98 /* XMGRecommendUserCell.xib in Resources */ = {isa = PBXBuildFile; fileRef = 85C42E3D1D3271BA00B28A98 /* XMGRecommendUserCell.xib */; };
		85C42E421D32985A00B28A98 /* XMGRecommentUser.m in Sources */ = {isa = PBXBuildFile; fileRef = 85C42E411D32985A00B28A98 /* XMGRecommentUser.m */; };
		85C66FA11D411DA60061CE56 /* XMGVerticalButton.m in Sources */ = {isa = PBXBuildFile; fileRef = 85C66FA01D411DA60061CE56 /* XMGVerticalButton.m */; };
		85C7DD951D1FAF95007D1751 /* Main.storyboard in Resources */ = {isa = PBXBuildFile; fileRef = 85C7DD931D1FAF95007D1751 /* Main.storyboard */; };
		85C7DD971D1FAF95007D1751 /* Assets.xcassets in Resources */ = {isa = PBXBuildFile; fileRef = 85C7DD961D1FAF95007D1751 /* Assets.xcassets */; };
		85C897DC1D47A6EB00B967D1 /* XMGPushGuideView.m in Sources */ = {isa = PBXBuildFile; fileRef = 85C897DB1D47A6EB00B967D1 /* XMGPushGuideView.m */; };
		85C897DE1D47A73700B967D1 /* XMGPushGuideView.xib in Resources */ = {isa = PBXBuildFile; fileRef = 85C897DD1D47A73700B967D1 /* XMGPushGuideView.xib */; };
		85D802331D27C2CE00E5CBC6 /* XMGNavigationController.m in Sources */ = {isa = PBXBuildFile; fileRef = 85D802321D27C2CE00E5CBC6 /* XMGNavigationController.m */; };
		85E4A3FB1D4F947A0092A415 /* XMGConst.m in Sources */ = {isa = PBXBuildFile; fileRef = 85E4A3FA1D4F947A0092A415 /* XMGConst.m */; };
		85E6815B1D502E5100B928A9 /* XMGTopicCell.m in Sources */ = {isa = PBXBuildFile; fileRef = 85E681591D502E5100B928A9 /* XMGTopicCell.m */; };
		85E6815C1D502E5100B928A9 /* XMGTopicCell.xib in Resources */ = {isa = PBXBuildFile; fileRef = 85E6815A1D502E5100B928A9 /* XMGTopicCell.xib */; };
		85E7BCD11D3FDA6A0028A75E /* XMGLoginRegisterViewController.m in Sources */ = {isa = PBXBuildFile; fileRef = 85E7BCCF1D3FDA6A0028A75E /* XMGLoginRegisterViewController.m */; };
		85E7BCD21D3FDA6A0028A75E /* XMGLoginRegisterViewController.xib in Resources */ = {isa = PBXBuildFile; fileRef = 85E7BCD01D3FDA6A0028A75E /* XMGLoginRegisterViewController.xib */; };
		B56894756B87BB5FC79A5202 /* libPods.a in Frameworks */ = {isa = PBXBuildFile; fileRef = 3F805E7955A2D982E86E2A95 /* libPods.a */; };
/* End PBXBuildFile section */

/* Begin PBXFileReference section */
		3F805E7955A2D982E86E2A95 /* libPods.a */ = {isa = PBXFileReference; explicitFileType = archive.ar; includeInIndex = 0; path = libPods.a; sourceTree = BUILT_PRODUCTS_DIR; };
		5020A8AD625765DD27CF6968 /* Pods.debug.xcconfig */ = {isa = PBXFileReference; includeInIndex = 1; lastKnownFileType = text.xcconfig; name = Pods.debug.xcconfig; path = "Pods/Target Support Files/Pods/Pods.debug.xcconfig"; sourceTree = "<group>"; };
		850B66761D3B65EB00485340 /* XMGRecommendTagsViewController.h */ = {isa = PBXFileReference; fileEncoding = 4; lastKnownFileType = sourcecode.c.h; path = XMGRecommendTagsViewController.h; sourceTree = "<group>"; };
		850B66771D3B65EB00485340 /* XMGRecommendTagsViewController.m */ = {isa = PBXFileReference; fileEncoding = 4; lastKnownFileType = sourcecode.c.objc; path = XMGRecommendTagsViewController.m; sourceTree = "<group>"; };
		850B66791D3B734300485340 /* XMGRecommendTag.h */ = {isa = PBXFileReference; fileEncoding = 4; lastKnownFileType = sourcecode.c.h; path = XMGRecommendTag.h; sourceTree = "<group>"; };
		850B667A1D3B734300485340 /* XMGRecommendTag.m */ = {isa = PBXFileReference; fileEncoding = 4; lastKnownFileType = sourcecode.c.objc; path = XMGRecommendTag.m; sourceTree = "<group>"; };
		850B667C1D3B7FC300485340 /* XMGRecommendTagCell.h */ = {isa = PBXFileReference; fileEncoding = 4; lastKnownFileType = sourcecode.c.h; path = XMGRecommendTagCell.h; sourceTree = "<group>"; };
		850B667D1D3B7FC300485340 /* XMGRecommendTagCell.m */ = {isa = PBXFileReference; fileEncoding = 4; lastKnownFileType = sourcecode.c.objc; path = XMGRecommendTagCell.m; sourceTree = "<group>"; };
		850B667E1D3B7FC300485340 /* XMGRecommendTagCell.xib */ = {isa = PBXFileReference; fileEncoding = 4; lastKnownFileType = file.xib; path = XMGRecommendTagCell.xib; sourceTree = "<group>"; };
		853D236A1D4C91900042D973 /* XMGAllViewController.h */ = {isa = PBXFileReference; fileEncoding = 4; lastKnownFileType = sourcecode.c.h; path = XMGAllViewController.h; sourceTree = "<group>"; };
		853D236B1D4C91900042D973 /* XMGAllViewController.m */ = {isa = PBXFileReference; fileEncoding = 4; lastKnownFileType = sourcecode.c.objc; path = XMGAllViewController.m; sourceTree = "<group>"; };
		853D236D1D4C92C30042D973 /* XMGPictureViewController.h */ = {isa = PBXFileReference; fileEncoding = 4; lastKnownFileType = sourcecode.c.h; path = XMGPictureViewController.h; sourceTree = "<group>"; };
		853D236E1D4C92C30042D973 /* XMGPictureViewController.m */ = {isa = PBXFileReference; fileEncoding = 4; lastKnownFileType = sourcecode.c.objc; path = XMGPictureViewController.m; sourceTree = "<group>"; };
		853D23701D4C92DC0042D973 /* XMGWordViewController.h */ = {isa = PBXFileReference; fileEncoding = 4; lastKnownFileType = sourcecode.c.h; path = XMGWordViewController.h; sourceTree = "<group>"; };
		853D23711D4C92DC0042D973 /* XMGWordViewController.m */ = {isa = PBXFileReference; fileEncoding = 4; lastKnownFileType = sourcecode.c.objc; path = XMGWordViewController.m; sourceTree = "<group>"; };
		853D23731D4C92F30042D973 /* XMGVoiceViewController.h */ = {isa = PBXFileReference; fileEncoding = 4; lastKnownFileType = sourcecode.c.h; path = XMGVoiceViewController.h; sourceTree = "<group>"; };
		853D23741D4C92F30042D973 /* XMGVoiceViewController.m */ = {isa = PBXFileReference; fileEncoding = 4; lastKnownFileType = sourcecode.c.objc; path = XMGVoiceViewController.m; sourceTree = "<group>"; };
		853D23761D4CE17D0042D973 /* XMGVideoViewController.h */ = {isa = PBXFileReference; fileEncoding = 4; lastKnownFileType = sourcecode.c.h; path = XMGVideoViewController.h; sourceTree = "<group>"; };
		853D23771D4CE17D0042D973 /* XMGVideoViewController.m */ = {isa = PBXFileReference; fileEncoding = 4; lastKnownFileType = sourcecode.c.objc; path = XMGVideoViewController.m; sourceTree = "<group>"; };
		853D23791D4DEB1E0042D973 /* XMGTopic.h */ = {isa = PBXFileReference; fileEncoding = 4; lastKnownFileType = sourcecode.c.h; path = XMGTopic.h; sourceTree = "<group>"; };
		853D237A1D4DEB1E0042D973 /* XMGTopic.m */ = {isa = PBXFileReference; fileEncoding = 4; lastKnownFileType = sourcecode.c.objc; path = XMGTopic.m; sourceTree = "<group>"; };
		8543744E1D2ABD9700EAD775 /* XMGFriendTrendsViewController.xib */ = {isa = PBXFileReference; fileEncoding = 4; lastKnownFileType = file.xib; path = XMGFriendTrendsViewController.xib; sourceTree = "<group>"; };
		854453571D431D1D00B0CC26 /* XMGTextField.h */ = {isa = PBXFileReference; fileEncoding = 4; lastKnownFileType = sourcecode.c.h; path = XMGTextField.h; sourceTree = "<group>"; };
		854453581D431D1D00B0CC26 /* XMGTextField.m */ = {isa = PBXFileReference; fileEncoding = 4; lastKnownFileType = sourcecode.c.objc; path = XMGTextField.m; sourceTree = "<group>"; };
		8564930B1D2575B100B220CF /* XMGEssenceViewController.h */ = {isa = PBXFileReference; fileEncoding = 4; lastKnownFileType = sourcecode.c.h; path = XMGEssenceViewController.h; sourceTree = "<group>"; };
		8564930C1D2575B100B220CF /* XMGEssenceViewController.m */ = {isa = PBXFileReference; fileEncoding = 4; lastKnownFileType = sourcecode.c.objc; path = XMGEssenceViewController.m; sourceTree = "<group>"; };
		856493111D2575B100B220CF /* XMGFriendTrendsViewController.h */ = {isa = PBXFileReference; fileEncoding = 4; lastKnownFileType = sourcecode.c.h; path = XMGFriendTrendsViewController.h; sourceTree = "<group>"; };
		856493121D2575B100B220CF /* XMGFriendTrendsViewController.m */ = {isa = PBXFileReference; fileEncoding = 4; lastKnownFileType = sourcecode.c.objc; path = XMGFriendTrendsViewController.m; sourceTree = "<group>"; };
		856493171D2575B100B220CF /* XMGMeViewController.h */ = {isa = PBXFileReference; fileEncoding = 4; lastKnownFileType = sourcecode.c.h; path = XMGMeViewController.h; sourceTree = "<group>"; };
		856493181D2575B100B220CF /* XMGMeViewController.m */ = {isa = PBXFileReference; fileEncoding = 4; lastKnownFileType = sourcecode.c.objc; path = XMGMeViewController.m; sourceTree = "<group>"; };
		8564931D1D2575B100B220CF /* XMGNewViewController.h */ = {isa = PBXFileReference; fileEncoding = 4; lastKnownFileType = sourcecode.c.h; path = XMGNewViewController.h; sourceTree = "<group>"; };
		8564931E1D2575B100B220CF /* XMGNewViewController.m */ = {isa = PBXFileReference; fileEncoding = 4; lastKnownFileType = sourcecode.c.objc; path = XMGNewViewController.m; sourceTree = "<group>"; };
		856493221D2575B100B220CF /* AppDelegate.h */ = {isa = PBXFileReference; fileEncoding = 4; lastKnownFileType = sourcecode.c.h; path = AppDelegate.h; sourceTree = "<group>"; };
		856493231D2575B100B220CF /* AppDelegate.m */ = {isa = PBXFileReference; fileEncoding = 4; lastKnownFileType = sourcecode.c.objc; path = AppDelegate.m; sourceTree = "<group>"; };
		856493251D2575B100B220CF /* UIBarButtonItem+XMGExtension.h */ = {isa = PBXFileReference; fileEncoding = 4; lastKnownFileType = sourcecode.c.h; path = "UIBarButtonItem+XMGExtension.h"; sourceTree = "<group>"; };
		856493261D2575B100B220CF /* UIBarButtonItem+XMGExtension.m */ = {isa = PBXFileReference; fileEncoding = 4; lastKnownFileType = sourcecode.c.objc; path = "UIBarButtonItem+XMGExtension.m"; sourceTree = "<group>"; };
		856493271D2575B100B220CF /* UIView+XMGExtension.h */ = {isa = PBXFileReference; fileEncoding = 4; lastKnownFileType = sourcecode.c.h; path = "UIView+XMGExtension.h"; sourceTree = "<group>"; };
		856493281D2575B100B220CF /* UIView+XMGExtension.m */ = {isa = PBXFileReference; fileEncoding = 4; lastKnownFileType = sourcecode.c.objc; path = "UIView+XMGExtension.m"; sourceTree = "<group>"; };
		8564932A1D2575B100B220CF /* XMGTabBarController.h */ = {isa = PBXFileReference; fileEncoding = 4; lastKnownFileType = sourcecode.c.h; path = XMGTabBarController.h; sourceTree = "<group>"; };
		8564932B1D2575B100B220CF /* XMGTabBarController.m */ = {isa = PBXFileReference; fileEncoding = 4; lastKnownFileType = sourcecode.c.objc; path = XMGTabBarController.m; sourceTree = "<group>"; };
		8564932C1D2575B100B220CF /* main.m */ = {isa = PBXFileReference; fileEncoding = 4; lastKnownFileType = sourcecode.c.objc; path = main.m; sourceTree = "<group>"; };
		8564932D1D2575B100B220CF /* PrefixHeader.pch */ = {isa = PBXFileReference; fileEncoding = 4; lastKnownFileType = sourcecode.c.h; path = PrefixHeader.pch; sourceTree = "<group>"; };
		8564932F1D2575B100B220CF /* XMGTabBar.h */ = {isa = PBXFileReference; fileEncoding = 4; lastKnownFileType = sourcecode.c.h; path = XMGTabBar.h; sourceTree = "<group>"; };
		856493301D2575B100B220CF /* XMGTabBar.m */ = {isa = PBXFileReference; fileEncoding = 4; lastKnownFileType = sourcecode.c.objc; path = XMGTabBar.m; sourceTree = "<group>"; };
		8571D5661D2EA24B0071CCDD /* XMGRecommendViewController.h */ = {isa = PBXFileReference; fileEncoding = 4; lastKnownFileType = sourcecode.c.h; path = XMGRecommendViewController.h; sourceTree = "<group>"; };
		8571D5671D2EA24B0071CCDD /* XMGRecommendViewController.m */ = {isa = PBXFileReference; fileEncoding = 4; lastKnownFileType = sourcecode.c.objc; path = XMGRecommendViewController.m; sourceTree = "<group>"; };
		8571D5681D2EA24B0071CCDD /* XMGRecommendViewController.xib */ = {isa = PBXFileReference; fileEncoding = 4; lastKnownFileType = file.xib; path = XMGRecommendViewController.xib; sourceTree = "<group>"; };
		8571D56B1D2EAD520071CCDD /* Foundation+Log.m */ = {isa = PBXFileReference; fileEncoding = 4; lastKnownFileType = sourcecode.c.objc; path = "Foundation+Log.m"; sourceTree = "<group>"; };
		858577C01D30A982001BD2EB /* XMGRecommendCategory.h */ = {isa = PBXFileReference; fileEncoding = 4; lastKnownFileType = sourcecode.c.h; path = XMGRecommendCategory.h; sourceTree = "<group>"; };
		858577C11D30A982001BD2EB /* XMGRecommendCategory.m */ = {isa = PBXFileReference; fileEncoding = 4; lastKnownFileType = sourcecode.c.objc; path = XMGRecommendCategory.m; sourceTree = "<group>"; };
		858577C31D30D8F1001BD2EB /* XMGRecommendCategoryCell.h */ = {isa = PBXFileReference; fileEncoding = 4; lastKnownFileType = sourcecode.c.h; path = XMGRecommendCategoryCell.h; sourceTree = "<group>"; };
		858577C41D30D8F1001BD2EB /* XMGRecommendCategoryCell.m */ = {isa = PBXFileReference; fileEncoding = 4; lastKnownFileType = sourcecode.c.objc; path = XMGRecommendCategoryCell.m; sourceTree = "<group>"; };
		858577C51D30D8F1001BD2EB /* XMGRecommendCategoryCell.xib */ = {isa = PBXFileReference; fileEncoding = 4; lastKnownFileType = file.xib; path = XMGRecommendCategoryCell.xib; sourceTree = "<group>"; };
		85C42E3B1D3271BA00B28A98 /* XMGRecommendUserCell.h */ = {isa = PBXFileReference; fileEncoding = 4; lastKnownFileType = sourcecode.c.h; path = XMGRecommendUserCell.h; sourceTree = "<group>"; };
		85C42E3C1D3271BA00B28A98 /* XMGRecommendUserCell.m */ = {isa = PBXFileReference; fileEncoding = 4; lastKnownFileType = sourcecode.c.objc; path = XMGRecommendUserCell.m; sourceTree = "<group>"; };
		85C42E3D1D3271BA00B28A98 /* XMGRecommendUserCell.xib */ = {isa = PBXFileReference; fileEncoding = 4; lastKnownFileType = file.xib; path = XMGRecommendUserCell.xib; sourceTree = "<group>"; };
		85C42E401D32985A00B28A98 /* XMGRecommentUser.h */ = {isa = PBXFileReference; fileEncoding = 4; lastKnownFileType = sourcecode.c.h; path = XMGRecommentUser.h; sourceTree = "<group>"; };
		85C42E411D32985A00B28A98 /* XMGRecommentUser.m */ = {isa = PBXFileReference; fileEncoding = 4; lastKnownFileType = sourcecode.c.objc; path = XMGRecommentUser.m; sourceTree = "<group>"; };
		85C66F9F1D411DA60061CE56 /* XMGVerticalButton.h */ = {isa = PBXFileReference; fileEncoding = 4; lastKnownFileType = sourcecode.c.h; path = XMGVerticalButton.h; sourceTree = "<group>"; };
		85C66FA01D411DA60061CE56 /* XMGVerticalButton.m */ = {isa = PBXFileReference; fileEncoding = 4; lastKnownFileType = sourcecode.c.objc; path = XMGVerticalButton.m; sourceTree = "<group>"; };
		85C7DD871D1FAF95007D1751 /* 百思不得姐.app */ = {isa = PBXFileReference; explicitFileType = wrapper.application; includeInIndex = 0; path = "百思不得姐.app"; sourceTree = BUILT_PRODUCTS_DIR; };
		85C7DD941D1FAF95007D1751 /* Base */ = {isa = PBXFileReference; lastKnownFileType = file.storyboard; name = Base; path = Base.lproj/Main.storyboard; sourceTree = "<group>"; };
		85C7DD961D1FAF95007D1751 /* Assets.xcassets */ = {isa = PBXFileReference; lastKnownFileType = folder.assetcatalog; path = Assets.xcassets; sourceTree = "<group>"; };
		85C7DD9B1D1FAF95007D1751 /* Info.plist */ = {isa = PBXFileReference; lastKnownFileType = text.plist.xml; path = Info.plist; sourceTree = "<group>"; };
		85C897DA1D47A6EB00B967D1 /* XMGPushGuideView.h */ = {isa = PBXFileReference; fileEncoding = 4; lastKnownFileType = sourcecode.c.h; path = XMGPushGuideView.h; sourceTree = "<group>"; };
		85C897DB1D47A6EB00B967D1 /* XMGPushGuideView.m */ = {isa = PBXFileReference; fileEncoding = 4; lastKnownFileType = sourcecode.c.objc; path = XMGPushGuideView.m; sourceTree = "<group>"; };
		85C897DD1D47A73700B967D1 /* XMGPushGuideView.xib */ = {isa = PBXFileReference; fileEncoding = 4; lastKnownFileType = file.xib; path = XMGPushGuideView.xib; sourceTree = "<group>"; };
		85D802311D27C2CE00E5CBC6 /* XMGNavigationController.h */ = {isa = PBXFileReference; fileEncoding = 4; lastKnownFileType = sourcecode.c.h; path = XMGNavigationController.h; sourceTree = "<group>"; };
		85D802321D27C2CE00E5CBC6 /* XMGNavigationController.m */ = {isa = PBXFileReference; fileEncoding = 4; lastKnownFileType = sourcecode.c.objc; path = XMGNavigationController.m; sourceTree = "<group>"; };
		85E4A3F91D4F947A0092A415 /* XMGConst.h */ = {isa = PBXFileReference; fileEncoding = 4; lastKnownFileType = sourcecode.c.h; path = XMGConst.h; sourceTree = "<group>"; };
		85E4A3FA1D4F947A0092A415 /* XMGConst.m */ = {isa = PBXFileReference; fileEncoding = 4; lastKnownFileType = sourcecode.c.objc; path = XMGConst.m; sourceTree = "<group>"; };
		85E681581D502E5100B928A9 /* XMGTopicCell.h */ = {isa = PBXFileReference; fileEncoding = 4; lastKnownFileType = sourcecode.c.h; path = XMGTopicCell.h; sourceTree = "<group>"; };
		85E681591D502E5100B928A9 /* XMGTopicCell.m */ = {isa = PBXFileReference; fileEncoding = 4; lastKnownFileType = sourcecode.c.objc; path = XMGTopicCell.m; sourceTree = "<group>"; };
		85E6815A1D502E5100B928A9 /* XMGTopicCell.xib */ = {isa = PBXFileReference; fileEncoding = 4; lastKnownFileType = file.xib; path = XMGTopicCell.xib; sourceTree = "<group>"; };
		85E7BCCE1D3FDA6A0028A75E /* XMGLoginRegisterViewController.h */ = {isa = PBXFileReference; fileEncoding = 4; lastKnownFileType = sourcecode.c.h; path = XMGLoginRegisterViewController.h; sourceTree = "<group>"; };
		85E7BCCF1D3FDA6A0028A75E /* XMGLoginRegisterViewController.m */ = {isa = PBXFileReference; fileEncoding = 4; lastKnownFileType = sourcecode.c.objc; path = XMGLoginRegisterViewController.m; sourceTree = "<group>"; };
		85E7BCD01D3FDA6A0028A75E /* XMGLoginRegisterViewController.xib */ = {isa = PBXFileReference; fileEncoding = 4; lastKnownFileType = file.xib; path = XMGLoginRegisterViewController.xib; sourceTree = "<group>"; };
		F575811B6F54219CA175D94A /* Pods.release.xcconfig */ = {isa = PBXFileReference; includeInIndex = 1; lastKnownFileType = text.xcconfig; name = Pods.release.xcconfig; path = "Pods/Target Support Files/Pods/Pods.release.xcconfig"; sourceTree = "<group>"; };
/* End PBXFileReference section */

/* Begin PBXFrameworksBuildPhase section */
		85C7DD841D1FAF95007D1751 /* Frameworks */ = {
			isa = PBXFrameworksBuildPhase;
			buildActionMask = 2147483647;
			files = (
				B56894756B87BB5FC79A5202 /* libPods.a in Frameworks */,
			);
			runOnlyForDeploymentPostprocessing = 0;
		};
/* End PBXFrameworksBuildPhase section */

/* Begin PBXGroup section */
		856493081D2575B100B220CF /* Classes */ = {
			isa = PBXGroup;
			children = (
				856493091D2575B100B220CF /* Essence-精华 */,
				8564930F1D2575B100B220CF /* FriendTrends-关注 */,
				856493151D2575B100B220CF /* Me-我 */,
				8564931B1D2575B100B220CF /* New-新贴 */,
				856493211D2575B100B220CF /* Other-其他 */,
			);
			path = Classes;
			sourceTree = "<group>";
		};
		856493091D2575B100B220CF /* Essence-精华 */ = {
			isa = PBXGroup;
			children = (
				8564930A1D2575B100B220CF /* Controller */,
				8564930D1D2575B100B220CF /* Model */,
				8564930E1D2575B100B220CF /* View */,
			);
			path = "Essence-精华";
			sourceTree = "<group>";
		};
		8564930A1D2575B100B220CF /* Controller */ = {
			isa = PBXGroup;
			children = (
				8564930B1D2575B100B220CF /* XMGEssenceViewController.h */,
				8564930C1D2575B100B220CF /* XMGEssenceViewController.m */,
				850B66761D3B65EB00485340 /* XMGRecommendTagsViewController.h */,
				850B66771D3B65EB00485340 /* XMGRecommendTagsViewController.m */,
				853D236A1D4C91900042D973 /* XMGAllViewController.h */,
				853D236B1D4C91900042D973 /* XMGAllViewController.m */,
				853D236D1D4C92C30042D973 /* XMGPictureViewController.h */,
				853D236E1D4C92C30042D973 /* XMGPictureViewController.m */,
				853D23701D4C92DC0042D973 /* XMGWordViewController.h */,
				853D23711D4C92DC0042D973 /* XMGWordViewController.m */,
				853D23731D4C92F30042D973 /* XMGVoiceViewController.h */,
				853D23741D4C92F30042D973 /* XMGVoiceViewController.m */,
				853D23761D4CE17D0042D973 /* XMGVideoViewController.h */,
				853D23771D4CE17D0042D973 /* XMGVideoViewController.m */,
			);
			path = Controller;
			sourceTree = "<group>";
		};
		8564930D1D2575B100B220CF /* Model */ = {
			isa = PBXGroup;
			children = (
				850B66791D3B734300485340 /* XMGRecommendTag.h */,
				850B667A1D3B734300485340 /* XMGRecommendTag.m */,
				853D23791D4DEB1E0042D973 /* XMGTopic.h */,
				853D237A1D4DEB1E0042D973 /* XMGTopic.m */,
				85E681581D502E5100B928A9 /* XMGTopicCell.h */,
				85E681591D502E5100B928A9 /* XMGTopicCell.m */,
				85E6815A1D502E5100B928A9 /* XMGTopicCell.xib */,
			);
			path = Model;
			sourceTree = "<group>";
		};
		8564930E1D2575B100B220CF /* View */ = {
			isa = PBXGroup;
			children = (
				850B667C1D3B7FC300485340 /* XMGRecommendTagCell.h */,
				850B667D1D3B7FC300485340 /* XMGRecommendTagCell.m */,
				850B667E1D3B7FC300485340 /* XMGRecommendTagCell.xib */,
			);
			path = View;
			sourceTree = "<group>";
		};
		8564930F1D2575B100B220CF /* FriendTrends-关注 */ = {
			isa = PBXGroup;
			children = (
				856493101D2575B100B220CF /* Controller */,
				856493131D2575B100B220CF /* Model */,
				856493141D2575B100B220CF /* View */,
			);
			path = "FriendTrends-关注";
			sourceTree = "<group>";
		};
		856493101D2575B100B220CF /* Controller */ = {
			isa = PBXGroup;
			children = (
				856493111D2575B100B220CF /* XMGFriendTrendsViewController.h */,
				856493121D2575B100B220CF /* XMGFriendTrendsViewController.m */,
				8543744E1D2ABD9700EAD775 /* XMGFriendTrendsViewController.xib */,
				8571D5661D2EA24B0071CCDD /* XMGRecommendViewController.h */,
				8571D5671D2EA24B0071CCDD /* XMGRecommendViewController.m */,
				8571D5681D2EA24B0071CCDD /* XMGRecommendViewController.xib */,
				85E7BCCE1D3FDA6A0028A75E /* XMGLoginRegisterViewController.h */,
				85E7BCCF1D3FDA6A0028A75E /* XMGLoginRegisterViewController.m */,
				85E7BCD01D3FDA6A0028A75E /* XMGLoginRegisterViewController.xib */,
			);
			path = Controller;
			sourceTree = "<group>";
		};
		856493131D2575B100B220CF /* Model */ = {
			isa = PBXGroup;
			children = (
				858577C01D30A982001BD2EB /* XMGRecommendCategory.h */,
				858577C11D30A982001BD2EB /* XMGRecommendCategory.m */,
				85C42E401D32985A00B28A98 /* XMGRecommentUser.h */,
				85C42E411D32985A00B28A98 /* XMGRecommentUser.m */,
			);
			path = Model;
			sourceTree = "<group>";
		};
		856493141D2575B100B220CF /* View */ = {
			isa = PBXGroup;
			children = (
				858577C31D30D8F1001BD2EB /* XMGRecommendCategoryCell.h */,
				858577C41D30D8F1001BD2EB /* XMGRecommendCategoryCell.m */,
				858577C51D30D8F1001BD2EB /* XMGRecommendCategoryCell.xib */,
				85C42E3B1D3271BA00B28A98 /* XMGRecommendUserCell.h */,
				85C42E3C1D3271BA00B28A98 /* XMGRecommendUserCell.m */,
				85C42E3D1D3271BA00B28A98 /* XMGRecommendUserCell.xib */,
				85C66F9F1D411DA60061CE56 /* XMGVerticalButton.h */,
				85C66FA01D411DA60061CE56 /* XMGVerticalButton.m */,
				854453571D431D1D00B0CC26 /* XMGTextField.h */,
				854453581D431D1D00B0CC26 /* XMGTextField.m */,
			);
			path = View;
			sourceTree = "<group>";
		};
		856493151D2575B100B220CF /* Me-我 */ = {
			isa = PBXGroup;
			children = (
				856493161D2575B100B220CF /* Controller */,
				856493191D2575B100B220CF /* Model */,
				8564931A1D2575B100B220CF /* View */,
			);
			path = "Me-我";
			sourceTree = "<group>";
		};
		856493161D2575B100B220CF /* Controller */ = {
			isa = PBXGroup;
			children = (
				856493171D2575B100B220CF /* XMGMeViewController.h */,
				856493181D2575B100B220CF /* XMGMeViewController.m */,
			);
			path = Controller;
			sourceTree = "<group>";
		};
		856493191D2575B100B220CF /* Model */ = {
			isa = PBXGroup;
			children = (
			);
			path = Model;
			sourceTree = "<group>";
		};
		8564931A1D2575B100B220CF /* View */ = {
			isa = PBXGroup;
			children = (
			);
			path = View;
			sourceTree = "<group>";
		};
		8564931B1D2575B100B220CF /* New-新贴 */ = {
			isa = PBXGroup;
			children = (
				8564931C1D2575B100B220CF /* Controller */,
				8564931F1D2575B100B220CF /* Model */,
				856493201D2575B100B220CF /* View */,
			);
			path = "New-新贴";
			sourceTree = "<group>";
		};
		8564931C1D2575B100B220CF /* Controller */ = {
			isa = PBXGroup;
			children = (
				8564931D1D2575B100B220CF /* XMGNewViewController.h */,
				8564931E1D2575B100B220CF /* XMGNewViewController.m */,
			);
			path = Controller;
			sourceTree = "<group>";
		};
		8564931F1D2575B100B220CF /* Model */ = {
			isa = PBXGroup;
			children = (
			);
			path = Model;
			sourceTree = "<group>";
		};
		856493201D2575B100B220CF /* View */ = {
			isa = PBXGroup;
			children = (
			);
			path = View;
			sourceTree = "<group>";
		};
		856493211D2575B100B220CF /* Other-其他 */ = {
			isa = PBXGroup;
			children = (
				85E4A3F91D4F947A0092A415 /* XMGConst.h */,
				85E4A3FA1D4F947A0092A415 /* XMGConst.m */,
				8564932C1D2575B100B220CF /* main.m */,
				8564932D1D2575B100B220CF /* PrefixHeader.pch */,
				85C7DD931D1FAF95007D1751 /* Main.storyboard */,
				8571D56B1D2EAD520071CCDD /* Foundation+Log.m */,
				856493221D2575B100B220CF /* AppDelegate.h */,
				856493231D2575B100B220CF /* AppDelegate.m */,
				856493241D2575B100B220CF /* Category */,
				856493291D2575B100B220CF /* Controller */,
				8564932E1D2575B100B220CF /* View */,
			);
			path = "Other-其他";
			sourceTree = "<group>";
		};
		856493241D2575B100B220CF /* Category */ = {
			isa = PBXGroup;
			children = (
				856493251D2575B100B220CF /* UIBarButtonItem+XMGExtension.h */,
				856493261D2575B100B220CF /* UIBarButtonItem+XMGExtension.m */,
				856493271D2575B100B220CF /* UIView+XMGExtension.h */,
				856493281D2575B100B220CF /* UIView+XMGExtension.m */,
			);
			path = Category;
			sourceTree = "<group>";
		};
		856493291D2575B100B220CF /* Controller */ = {
			isa = PBXGroup;
			children = (
				8564932A1D2575B100B220CF /* XMGTabBarController.h */,
				8564932B1D2575B100B220CF /* XMGTabBarController.m */,
				85D802311D27C2CE00E5CBC6 /* XMGNavigationController.h */,
				85D802321D27C2CE00E5CBC6 /* XMGNavigationController.m */,
			);
			path = Controller;
			sourceTree = "<group>";
		};
		8564932E1D2575B100B220CF /* View */ = {
			isa = PBXGroup;
			children = (
				8564932F1D2575B100B220CF /* XMGTabBar.h */,
				856493301D2575B100B220CF /* XMGTabBar.m */,
				85C897DA1D47A6EB00B967D1 /* XMGPushGuideView.h */,
				85C897DB1D47A6EB00B967D1 /* XMGPushGuideView.m */,
				85C897DD1D47A73700B967D1 /* XMGPushGuideView.xib */,
			);
			path = View;
			sourceTree = "<group>";
		};
		85C7DD7E1D1FAF95007D1751 = {
			isa = PBXGroup;
			children = (
				85C7DD891D1FAF95007D1751 /* 百思不得姐 */,
				85C7DD881D1FAF95007D1751 /* Products */,
				BE8F956587E19FD3710E163E /* Pods */,
				C653C3A636E052E768C9D1E9 /* Frameworks */,
			);
			sourceTree = "<group>";
		};
		85C7DD881D1FAF95007D1751 /* Products */ = {
			isa = PBXGroup;
			children = (
				85C7DD871D1FAF95007D1751 /* 百思不得姐.app */,
			);
			name = Products;
			sourceTree = "<group>";
		};
		85C7DD891D1FAF95007D1751 /* 百思不得姐 */ = {
			isa = PBXGroup;
			children = (
				85C7DD8A1D1FAF95007D1751 /* Supporting Files */,
			);
			path = "百思不得姐";
			sourceTree = "<group>";
		};
		85C7DD8A1D1FAF95007D1751 /* Supporting Files */ = {
			isa = PBXGroup;
			children = (
				856493081D2575B100B220CF /* Classes */,
				85C7DD961D1FAF95007D1751 /* Assets.xcassets */,
				85C7DD9B1D1FAF95007D1751 /* Info.plist */,
			);
			name = "Supporting Files";
			sourceTree = "<group>";
		};
		BE8F956587E19FD3710E163E /* Pods */ = {
			isa = PBXGroup;
			children = (
				5020A8AD625765DD27CF6968 /* Pods.debug.xcconfig */,
				F575811B6F54219CA175D94A /* Pods.release.xcconfig */,
			);
			name = Pods;
			sourceTree = "<group>";
		};
		C653C3A636E052E768C9D1E9 /* Frameworks */ = {
			isa = PBXGroup;
			children = (
				3F805E7955A2D982E86E2A95 /* libPods.a */,
			);
			name = Frameworks;
			sourceTree = "<group>";
		};
/* End PBXGroup section */

/* Begin PBXNativeTarget section */
		85C7DD861D1FAF95007D1751 /* 百思不得姐 */ = {
			isa = PBXNativeTarget;
			buildConfigurationList = 85C7DD9E1D1FAF95007D1751 /* Build configuration list for PBXNativeTarget "百思不得姐" */;
			buildPhases = (
				17A261694CEB9347EDA8562C /* Check Pods Manifest.lock */,
				85C7DD831D1FAF95007D1751 /* Sources */,
				85C7DD841D1FAF95007D1751 /* Frameworks */,
				85C7DD851D1FAF95007D1751 /* Resources */,
				6E6E7D7E0632B756ED336A27 /* Embed Pods Frameworks */,
				5C815F26C3B057A9B12CD317 /* Copy Pods Resources */,
			);
			buildRules = (
			);
			dependencies = (
			);
			name = "百思不得姐";
			productName = "百思不得姐";
			productReference = 85C7DD871D1FAF95007D1751 /* 百思不得姐.app */;
			productType = "com.apple.product-type.application";
		};
/* End PBXNativeTarget section */

/* Begin PBXProject section */
		85C7DD7F1D1FAF95007D1751 /* Project object */ = {
			isa = PBXProject;
			attributes = {
				CLASSPREFIX = XMG;
				LastUpgradeCheck = 0730;
				ORGANIZATIONNAME = apple;
				TargetAttributes = {
					85C7DD861D1FAF95007D1751 = {
						CreatedOnToolsVersion = 7.3.1;
						DevelopmentTeam = X2PZCX64NQ;
					};
				};
			};
			buildConfigurationList = 85C7DD821D1FAF95007D1751 /* Build configuration list for PBXProject "百思不得姐" */;
			compatibilityVersion = "Xcode 3.2";
			developmentRegion = English;
			hasScannedForEncodings = 0;
			knownRegions = (
				en,
				Base,
			);
			mainGroup = 85C7DD7E1D1FAF95007D1751;
			productRefGroup = 85C7DD881D1FAF95007D1751 /* Products */;
			projectDirPath = "";
			projectRoot = "";
			targets = (
				85C7DD861D1FAF95007D1751 /* 百思不得姐 */,
			);
		};
/* End PBXProject section */

/* Begin PBXResourcesBuildPhase section */
		85C7DD851D1FAF95007D1751 /* Resources */ = {
			isa = PBXResourcesBuildPhase;
			buildActionMask = 2147483647;
			files = (
				85E6815C1D502E5100B928A9 /* XMGTopicCell.xib in Resources */,
				85C897DE1D47A73700B967D1 /* XMGPushGuideView.xib in Resources */,
				850B66801D3B7FC300485340 /* XMGRecommendTagCell.xib in Resources */,
				8571D56A1D2EA24B0071CCDD /* XMGRecommendViewController.xib in Resources */,
				858577C71D30D8F1001BD2EB /* XMGRecommendCategoryCell.xib in Resources */,
				85C7DD971D1FAF95007D1751 /* Assets.xcassets in Resources */,
				85E7BCD21D3FDA6A0028A75E /* XMGLoginRegisterViewController.xib in Resources */,
				8543744F1D2ABD9700EAD775 /* XMGFriendTrendsViewController.xib in Resources */,
				85C42E3F1D3271BA00B28A98 /* XMGRecommendUserCell.xib in Resources */,
				85C7DD951D1FAF95007D1751 /* Main.storyboard in Resources */,
			);
			runOnlyForDeploymentPostprocessing = 0;
		};
/* End PBXResourcesBuildPhase section */

/* Begin PBXShellScriptBuildPhase section */
		17A261694CEB9347EDA8562C /* Check Pods Manifest.lock */ = {
			isa = PBXShellScriptBuildPhase;
			buildActionMask = 2147483647;
			files = (
			);
			inputPaths = (
			);
			name = "Check Pods Manifest.lock";
			outputPaths = (
			);
			runOnlyForDeploymentPostprocessing = 0;
			shellPath = /bin/sh;
			shellScript = "diff \"${PODS_ROOT}/../Podfile.lock\" \"${PODS_ROOT}/Manifest.lock\" > /dev/null\nif [[ $? != 0 ]] ; then\n    cat << EOM\nerror: The sandbox is not in sync with the Podfile.lock. Run 'pod install' or update your CocoaPods installation.\nEOM\n    exit 1\nfi\n";
			showEnvVarsInLog = 0;
		};
		5C815F26C3B057A9B12CD317 /* Copy Pods Resources */ = {
			isa = PBXShellScriptBuildPhase;
			buildActionMask = 2147483647;
			files = (
			);
			inputPaths = (
			);
			name = "Copy Pods Resources";
			outputPaths = (
			);
			runOnlyForDeploymentPostprocessing = 0;
			shellPath = /bin/sh;
			shellScript = "\"${SRCROOT}/Pods/Target Support Files/Pods/Pods-resources.sh\"\n";
			showEnvVarsInLog = 0;
		};
		6E6E7D7E0632B756ED336A27 /* Embed Pods Frameworks */ = {
			isa = PBXShellScriptBuildPhase;
			buildActionMask = 2147483647;
			files = (
			);
			inputPaths = (
			);
			name = "Embed Pods Frameworks";
			outputPaths = (
			);
			runOnlyForDeploymentPostprocessing = 0;
			shellPath = /bin/sh;
			shellScript = "\"${SRCROOT}/Pods/Target Support Files/Pods/Pods-frameworks.sh\"\n";
			showEnvVarsInLog = 0;
		};
/* End PBXShellScriptBuildPhase section */

/* Begin PBXSourcesBuildPhase section */
		85C7DD831D1FAF95007D1751 /* Sources */ = {
			isa = PBXSourcesBuildPhase;
			buildActionMask = 2147483647;
			files = (
				8564933A1D2575B100B220CF /* XMGTabBar.m in Sources */,
				854453591D431D1D00B0CC26 /* XMGTextField.m in Sources */,
				858577C21D30A982001BD2EB /* XMGRecommendCategory.m in Sources */,
				85E4A3FB1D4F947A0092A415 /* XMGConst.m in Sources */,
				850B66781D3B65EB00485340 /* XMGRecommendTagsViewController.m in Sources */,
				85D802331D27C2CE00E5CBC6 /* XMGNavigationController.m in Sources */,
				856493331D2575B100B220CF /* XMGMeViewController.m in Sources */,
				853D237B1D4DEB1E0042D973 /* XMGTopic.m in Sources */,
				856493311D2575B100B220CF /* XMGEssenceViewController.m in Sources */,
				85E7BCD11D3FDA6A0028A75E /* XMGLoginRegisterViewController.m in Sources */,
				853D23781D4CE17D0042D973 /* XMGVideoViewController.m in Sources */,
				850B667F1D3B7FC300485340 /* XMGRecommendTagCell.m in Sources */,
				85C42E421D32985A00B28A98 /* XMGRecommentUser.m in Sources */,
				85C897DC1D47A6EB00B967D1 /* XMGPushGuideView.m in Sources */,
				858577C61D30D8F1001BD2EB /* XMGRecommendCategoryCell.m in Sources */,
				850B667B1D3B734300485340 /* XMGRecommendTag.m in Sources */,
				85C42E3E1D3271BA00B28A98 /* XMGRecommendUserCell.m in Sources */,
				85C66FA11D411DA60061CE56 /* XMGVerticalButton.m in Sources */,
				8571D5691D2EA24B0071CCDD /* XMGRecommendViewController.m in Sources */,
				856493341D2575B100B220CF /* XMGNewViewController.m in Sources */,
				85E6815B1D502E5100B928A9 /* XMGTopicCell.m in Sources */,
				856493371D2575B100B220CF /* UIView+XMGExtension.m in Sources */,
				853D23721D4C92DC0042D973 /* XMGWordViewController.m in Sources */,
				856493381D2575B100B220CF /* XMGTabBarController.m in Sources */,
				856493321D2575B100B220CF /* XMGFriendTrendsViewController.m in Sources */,
				856493351D2575B100B220CF /* AppDelegate.m in Sources */,
				853D23751D4C92F30042D973 /* XMGVoiceViewController.m in Sources */,
				8571D56C1D2EAD520071CCDD /* Foundation+Log.m in Sources */,
				856493391D2575B100B220CF /* main.m in Sources */,
				853D236C1D4C91900042D973 /* XMGAllViewController.m in Sources */,
				856493361D2575B100B220CF /* UIBarButtonItem+XMGExtension.m in Sources */,
				853D236F1D4C92C30042D973 /* XMGPictureViewController.m in Sources */,
			);
			runOnlyForDeploymentPostprocessing = 0;
		};
/* End PBXSourcesBuildPhase section */

/* Begin PBXVariantGroup section */
		85C7DD931D1FAF95007D1751 /* Main.storyboard */ = {
			isa = PBXVariantGroup;
			children = (
				85C7DD941D1FAF95007D1751 /* Base */,
			);
			name = Main.storyboard;
			path = ../..;
			sourceTree = "<group>";
		};
/* End PBXVariantGroup section */

/* Begin XCBuildConfiguration section */
		85C7DD9C1D1FAF95007D1751 /* Debug */ = {
			isa = XCBuildConfiguration;
			buildSettings = {
				ALWAYS_SEARCH_USER_PATHS = NO;
				CLANG_ANALYZER_NONNULL = YES;
				CLANG_CXX_LANGUAGE_STANDARD = "gnu++0x";
				CLANG_CXX_LIBRARY = "libc++";
				CLANG_ENABLE_MODULES = YES;
				CLANG_ENABLE_OBJC_ARC = YES;
				CLANG_WARN_BOOL_CONVERSION = YES;
				CLANG_WARN_CONSTANT_CONVERSION = YES;
				CLANG_WARN_DIRECT_OBJC_ISA_USAGE = YES_ERROR;
				CLANG_WARN_EMPTY_BODY = YES;
				CLANG_WARN_ENUM_CONVERSION = YES;
				CLANG_WARN_INT_CONVERSION = YES;
				CLANG_WARN_OBJC_ROOT_CLASS = YES_ERROR;
				CLANG_WARN_UNREACHABLE_CODE = YES;
				CLANG_WARN__DUPLICATE_METHOD_MATCH = YES;
				"CODE_SIGN_IDENTITY[sdk=iphoneos*]" = "iPhone Developer";
				COPY_PHASE_STRIP = NO;
				DEBUG_INFORMATION_FORMAT = dwarf;
				ENABLE_STRICT_OBJC_MSGSEND = YES;
				ENABLE_TESTABILITY = YES;
				GCC_C_LANGUAGE_STANDARD = gnu99;
				GCC_DYNAMIC_NO_PIC = NO;
				GCC_NO_COMMON_BLOCKS = YES;
				GCC_OPTIMIZATION_LEVEL = 0;
				GCC_PREPROCESSOR_DEFINITIONS = (
					"DEBUG=1",
					"$(inherited)",
				);
				GCC_WARN_64_TO_32_BIT_CONVERSION = YES;
				GCC_WARN_ABOUT_RETURN_TYPE = YES_ERROR;
				GCC_WARN_UNDECLARED_SELECTOR = YES;
				GCC_WARN_UNINITIALIZED_AUTOS = YES_AGGRESSIVE;
				GCC_WARN_UNUSED_FUNCTION = YES;
				GCC_WARN_UNUSED_VARIABLE = YES;
				IPHONEOS_DEPLOYMENT_TARGET = 9.3;
				MTL_ENABLE_DEBUG_INFO = YES;
				ONLY_ACTIVE_ARCH = YES;
				SDKROOT = iphoneos;
			};
			name = Debug;
		};
		85C7DD9D1D1FAF95007D1751 /* Release */ = {
			isa = XCBuildConfiguration;
			buildSettings = {
				ALWAYS_SEARCH_USER_PATHS = NO;
				CLANG_ANALYZER_NONNULL = YES;
				CLANG_CXX_LANGUAGE_STANDARD = "gnu++0x";
				CLANG_CXX_LIBRARY = "libc++";
				CLANG_ENABLE_MODULES = YES;
				CLANG_ENABLE_OBJC_ARC = YES;
				CLANG_WARN_BOOL_CONVERSION = YES;
				CLANG_WARN_CONSTANT_CONVERSION = YES;
				CLANG_WARN_DIRECT_OBJC_ISA_USAGE = YES_ERROR;
				CLANG_WARN_EMPTY_BODY = YES;
				CLANG_WARN_ENUM_CONVERSION = YES;
				CLANG_WARN_INT_CONVERSION = YES;
				CLANG_WARN_OBJC_ROOT_CLASS = YES_ERROR;
				CLANG_WARN_UNREACHABLE_CODE = YES;
				CLANG_WARN__DUPLICATE_METHOD_MATCH = YES;
				"CODE_SIGN_IDENTITY[sdk=iphoneos*]" = "iPhone Developer";
				COPY_PHASE_STRIP = NO;
				DEBUG_INFORMATION_FORMAT = "dwarf-with-dsym";
				ENABLE_NS_ASSERTIONS = NO;
				ENABLE_STRICT_OBJC_MSGSEND = YES;
				GCC_C_LANGUAGE_STANDARD = gnu99;
				GCC_NO_COMMON_BLOCKS = YES;
				GCC_WARN_64_TO_32_BIT_CONVERSION = YES;
				GCC_WARN_ABOUT_RETURN_TYPE = YES_ERROR;
				GCC_WARN_UNDECLARED_SELECTOR = YES;
				GCC_WARN_UNINITIALIZED_AUTOS = YES_AGGRESSIVE;
				GCC_WARN_UNUSED_FUNCTION = YES;
				GCC_WARN_UNUSED_VARIABLE = YES;
				IPHONEOS_DEPLOYMENT_TARGET = 9.3;
				MTL_ENABLE_DEBUG_INFO = NO;
				SDKROOT = iphoneos;
				VALIDATE_PRODUCT = YES;
			};
			name = Release;
		};
		85C7DD9F1D1FAF95007D1751 /* Debug */ = {
			isa = XCBuildConfiguration;
			baseConfigurationReference = 5020A8AD625765DD27CF6968 /* Pods.debug.xcconfig */;
			buildSettings = {
				ASSETCATALOG_COMPILER_APPICON_NAME = AppIcon;
				ASSETCATALOG_COMPILER_LAUNCHIMAGE_NAME = LaunchImage;
				GCC_PREFIX_HEADER = "百思不得姐/Classes/Other-其他/PrefixHeader.pch";
				INFOPLIST_FILE = "百思不得姐/Info.plist";
				LD_RUNPATH_SEARCH_PATHS = "$(inherited) @executable_path/Frameworks";
				PRODUCT_BUNDLE_IDENTIFIER = "com.jiandougang.-----";
				PRODUCT_NAME = "$(TARGET_NAME)";
			};
			name = Debug;
		};
		85C7DDA01D1FAF95007D1751 /* Release */ = {
			isa = XCBuildConfiguration;
			baseConfigurationReference = F575811B6F54219CA175D94A /* Pods.release.xcconfig */;
			buildSettings = {
				ASSETCATALOG_COMPILER_APPICON_NAME = AppIcon;
				ASSETCATALOG_COMPILER_LAUNCHIMAGE_NAME = LaunchImage;
				GCC_PREFIX_HEADER = "百思不得姐/Classes/Other-其他/PrefixHeader.pch";
				INFOPLIST_FILE = "百思不得姐/Info.plist";
				LD_RUNPATH_SEARCH_PATHS = "$(inherited) @executable_path/Frameworks";
				PRODUCT_BUNDLE_IDENTIFIER = "com.jiandougang.-----";
				PRODUCT_NAME = "$(TARGET_NAME)";
			};
			name = Release;
		};
/* End XCBuildConfiguration section */

/* Begin XCConfigurationList section */
		85C7DD821D1FAF95007D1751 /* Build configuration list for PBXProject "百思不得姐" */ = {
			isa = XCConfigurationList;
			buildConfigurations = (
				85C7DD9C1D1FAF95007D1751 /* Debug */,
				85C7DD9D1D1FAF95007D1751 /* Release */,
			);
			defaultConfigurationIsVisible = 0;
			defaultConfigurationName = Release;
		};
		85C7DD9E1D1FAF95007D1751 /* Build configuration list for PBXNativeTarget "百思不得姐" */ = {
			isa = XCConfigurationList;
			buildConfigurations = (
				85C7DD9F1D1FAF95007D1751 /* Debug */,
				85C7DDA01D1FAF95007D1751 /* Release */,
			);
			defaultConfigurationIsVisible = 0;
			defaultConfigurationName = Release;
		};
/* End XCConfigurationList section */
	};
	rootObject = 85C7DD7F1D1FAF95007D1751 /* Project object */;
}
