// !$*UTF8*$!
{
	archiveVersion = 1;
	classes = {
	};
	objectVersion = 46;
	objects = {

/* Begin PBXBuildFile section */
		8543744F1D2ABD9700EAD775 /* XMGFriendTrendsViewController.xib in Resources */ = {isa = PBXBuildFile; fileRef = 8543744E1D2ABD9700EAD775 /* XMGFriendTrendsViewController.xib */; };
		856493311D2575B100B220CF /* XMGEssenceViewController.m in Sources */ = {isa = PBXBuildFile; fileRef = 8564930C1D2575B100B220CF /* XMGEssenceViewController.m */; };
		856493321D2575B100B220CF /* XMGFriendTrendsViewController.m in Sources */ = {isa = PBXBuildFile; fileRef = 856493121D2575B100B220CF /* XMGFriendTrendsViewController.m */; };
		856493331D2575B100B220CF /* XMGMeViewController.m in Sources */ = {isa = PBXBuildFile; fileRef = 856493181D2575B100B220CF /* XMGMeViewController.m */; };
		856493341D2575B100B220CF /* XMGNewViewController.m in Sources */ = {isa = PBXBuildFile; fileRef = 8564931E1D2575B100B220CF /* XMGNewViewController.m */; };
		856493351D2575B100B220CF /* AppDelegate.m in Sources */ = {isa = PBXBuildFile; fileRef = 856493231D2575B100B220CF /* AppDelegate.m */; };
		856493361D2575B100B220CF /* UIBarButtonItem+XMGExtension.m in Sources */ = {isa = PBXBuildFile; fileRef = 856493261D2575B100B220CF /* UIBarButtonItem+XMGExtension.m */; };
		856493371D2575B100B220CF /* UIView+XMGExtension.m in Sources */ = {isa = PBXBuildFile; fileRef = 856493281D2575B100B220CF /* UIView+XMGExtension.m */; };
		856493381D2575B100B220CF /* XMGTabBarController.m in Sources */ = {isa = PBXBuildFile; fileRef = 8564932B1D2575B100B220CF /* XMGTabBarController.m */; };
		856493391D2575B100B220CF /* main.m in Sources */ = {isa = PBXBuildFile; fileRef = 8564932C1D2575B100B220CF /* main.m */; };
		8564933A1D2575B100B220CF /* XMGTabBar.m in Sources */ = {isa = PBXBuildFile; fileRef = 856493301D2575B100B220CF /* XMGTabBar.m */; };
		85C7DD951D1FAF95007D1751 /* Main.storyboard in Resources */ = {isa = PBXBuildFile; fileRef = 85C7DD931D1FAF95007D1751 /* Main.storyboard */; };
		85C7DD971D1FAF95007D1751 /* Assets.xcassets in Resources */ = {isa = PBXBuildFile; fileRef = 85C7DD961D1FAF95007D1751 /* Assets.xcassets */; };
		85D802331D27C2CE00E5CBC6 /* XMGNavigationController.m in Sources */ = {isa = PBXBuildFile; fileRef = 85D802321D27C2CE00E5CBC6 /* XMGNavigationController.m */; };
/* End PBXBuildFile section */

/* Begin PBXFileReference section */
		8543744E1D2ABD9700EAD775 /* XMGFriendTrendsViewController.xib */ = {isa = PBXFileReference; fileEncoding = 4; lastKnownFileType = file.xib; path = XMGFriendTrendsViewController.xib; sourceTree = "<group>"; };
		8564930B1D2575B100B220CF /* XMGEssenceViewController.h */ = {isa = PBXFileReference; fileEncoding = 4; lastKnownFileType = sourcecode.c.h; path = XMGEssenceViewController.h; sourceTree = "<group>"; };
		8564930C1D2575B100B220CF /* XMGEssenceViewController.m */ = {isa = PBXFileReference; fileEncoding = 4; lastKnownFileType = sourcecode.c.objc; path = XMGEssenceViewController.m; sourceTree = "<group>"; };
		856493111D2575B100B220CF /* XMGFriendTrendsViewController.h */ = {isa = PBXFileReference; fileEncoding = 4; lastKnownFileType = sourcecode.c.h; path = XMGFriendTrendsViewController.h; sourceTree = "<group>"; };
		856493121D2575B100B220CF /* XMGFriendTrendsViewController.m */ = {isa = PBXFileReference; fileEncoding = 4; lastKnownFileType = sourcecode.c.objc; path = XMGFriendTrendsViewController.m; sourceTree = "<group>"; };
		856493171D2575B100B220CF /* XMGMeViewController.h */ = {isa = PBXFileReference; fileEncoding = 4; lastKnownFileType = sourcecode.c.h; path = XMGMeViewController.h; sourceTree = "<group>"; };
		856493181D2575B100B220CF /* XMGMeViewController.m */ = {isa = PBXFileReference; fileEncoding = 4; lastKnownFileType = sourcecode.c.objc; path = XMGMeViewController.m; sourceTree = "<group>"; };
		8564931D1D2575B100B220CF /* XMGNewViewController.h */ = {isa = PBXFileReference; fileEncoding = 4; lastKnownFileType = sourcecode.c.h; path = XMGNewViewController.h; sourceTree = "<group>"; };
		8564931E1D2575B100B220CF /* XMGNewViewController.m */ = {isa = PBXFileReference; fileEncoding = 4; lastKnownFileType = sourcecode.c.objc; path = XMGNewViewController.m; sourceTree = "<group>"; };
		856493221D2575B100B220CF /* AppDelegate.h */ = {isa = PBXFileReference; fileEncoding = 4; lastKnownFileType = sourcecode.c.h; path = AppDelegate.h; sourceTree = "<group>"; };
		856493231D2575B100B220CF /* AppDelegate.m */ = {isa = PBXFileReference; fileEncoding = 4; lastKnownFileType = sourcecode.c.objc; path = AppDelegate.m; sourceTree = "<group>"; };
		856493251D2575B100B220CF /* UIBarButtonItem+XMGExtension.h */ = {isa = PBXFileReference; fileEncoding = 4; lastKnownFileType = sourcecode.c.h; path = "UIBarButtonItem+XMGExtension.h"; sourceTree = "<group>"; };
		856493261D2575B100B220CF /* UIBarButtonItem+XMGExtension.m */ = {isa = PBXFileReference; fileEncoding = 4; lastKnownFileType = sourcecode.c.objc; path = "UIBarButtonItem+XMGExtension.m"; sourceTree = "<group>"; };
		856493271D2575B100B220CF /* UIView+XMGExtension.h */ = {isa = PBXFileReference; fileEncoding = 4; lastKnownFileType = sourcecode.c.h; path = "UIView+XMGExtension.h"; sourceTree = "<group>"; };
		856493281D2575B100B220CF /* UIView+XMGExtension.m */ = {isa = PBXFileReference; fileEncoding = 4; lastKnownFileType = sourcecode.c.objc; path = "UIView+XMGExtension.m"; sourceTree = "<group>"; };
		8564932A1D2575B100B220CF /* XMGTabBarController.h */ = {isa = PBXFileReference; fileEncoding = 4; lastKnownFileType = sourcecode.c.h; path = XMGTabBarController.h; sourceTree = "<group>"; };
		8564932B1D2575B100B220CF /* XMGTabBarController.m */ = {isa = PBXFileReference; fileEncoding = 4; lastKnownFileType = sourcecode.c.objc; path = XMGTabBarController.m; sourceTree = "<group>"; };
		8564932C1D2575B100B220CF /* main.m */ = {isa = PBXFileReference; fileEncoding = 4; lastKnownFileType = sourcecode.c.objc; path = main.m; sourceTree = "<group>"; };
		8564932D1D2575B100B220CF /* PrefixHeader.pch */ = {isa = PBXFileReference; fileEncoding = 4; lastKnownFileType = sourcecode.c.h; path = PrefixHeader.pch; sourceTree = "<group>"; };
		8564932F1D2575B100B220CF /* XMGTabBar.h */ = {isa = PBXFileReference; fileEncoding = 4; lastKnownFileType = sourcecode.c.h; path = XMGTabBar.h; sourceTree = "<group>"; };
		856493301D2575B100B220CF /* XMGTabBar.m */ = {isa = PBXFileReference; fileEncoding = 4; lastKnownFileType = sourcecode.c.objc; path = XMGTabBar.m; sourceTree = "<group>"; };
		85C7DD871D1FAF95007D1751 /* 百思不得姐.app */ = {isa = PBXFileReference; explicitFileType = wrapper.application; includeInIndex = 0; path = "百思不得姐.app"; sourceTree = BUILT_PRODUCTS_DIR; };
		85C7DD941D1FAF95007D1751 /* Base */ = {isa = PBXFileReference; lastKnownFileType = file.storyboard; name = Base; path = Base.lproj/Main.storyboard; sourceTree = "<group>"; };
		85C7DD961D1FAF95007D1751 /* Assets.xcassets */ = {isa = PBXFileReference; lastKnownFileType = folder.assetcatalog; path = Assets.xcassets; sourceTree = "<group>"; };
		85C7DD9B1D1FAF95007D1751 /* Info.plist */ = {isa = PBXFileReference; lastKnownFileType = text.plist.xml; path = Info.plist; sourceTree = "<group>"; };
		85D802311D27C2CE00E5CBC6 /* XMGNavigationController.h */ = {isa = PBXFileReference; fileEncoding = 4; lastKnownFileType = sourcecode.c.h; path = XMGNavigationController.h; sourceTree = "<group>"; };
		85D802321D27C2CE00E5CBC6 /* XMGNavigationController.m */ = {isa = PBXFileReference; fileEncoding = 4; lastKnownFileType = sourcecode.c.objc; path = XMGNavigationController.m; sourceTree = "<group>"; };
/* End PBXFileReference section */

/* Begin PBXFrameworksBuildPhase section */
		85C7DD841D1FAF95007D1751 /* Frameworks */ = {
			isa = PBXFrameworksBuildPhase;
			buildActionMask = 2147483647;
			files = (
			);
			runOnlyForDeploymentPostprocessing = 0;
		};
/* End PBXFrameworksBuildPhase section */

/* Begin PBXGroup section */
		856493081D2575B100B220CF /* Classes */ = {
			isa = PBXGroup;
			children = (
				856493091D2575B100B220CF /* Essence-精华 */,
				8564930F1D2575B100B220CF /* FriendTrends-关注 */,
				856493151D2575B100B220CF /* Me-我 */,
				8564931B1D2575B100B220CF /* New-新贴 */,
				856493211D2575B100B220CF /* Other-其他 */,
			);
			path = Classes;
			sourceTree = "<group>";
		};
		856493091D2575B100B220CF /* Essence-精华 */ = {
			isa = PBXGroup;
			children = (
				8564930A1D2575B100B220CF /* Controller */,
				8564930D1D2575B100B220CF /* Model */,
				8564930E1D2575B100B220CF /* View */,
			);
			path = "Essence-精华";
			sourceTree = "<group>";
		};
		8564930A1D2575B100B220CF /* Controller */ = {
			isa = PBXGroup;
			children = (
				8564930B1D2575B100B220CF /* XMGEssenceViewController.h */,
				8564930C1D2575B100B220CF /* XMGEssenceViewController.m */,
			);
			path = Controller;
			sourceTree = "<group>";
		};
		8564930D1D2575B100B220CF /* Model */ = {
			isa = PBXGroup;
			children = (
			);
			path = Model;
			sourceTree = "<group>";
		};
		8564930E1D2575B100B220CF /* View */ = {
			isa = PBXGroup;
			children = (
			);
			path = View;
			sourceTree = "<group>";
		};
		8564930F1D2575B100B220CF /* FriendTrends-关注 */ = {
			isa = PBXGroup;
			children = (
				856493101D2575B100B220CF /* Controller */,
				856493131D2575B100B220CF /* Model */,
				856493141D2575B100B220CF /* View */,
			);
			path = "FriendTrends-关注";
			sourceTree = "<group>";
		};
		856493101D2575B100B220CF /* Controller */ = {
			isa = PBXGroup;
			children = (
				856493111D2575B100B220CF /* XMGFriendTrendsViewController.h */,
				856493121D2575B100B220CF /* XMGFriendTrendsViewController.m */,
				8543744E1D2ABD9700EAD775 /* XMGFriendTrendsViewController.xib */,
			);
			path = Controller;
			sourceTree = "<group>";
		};
		856493131D2575B100B220CF /* Model */ = {
			isa = PBXGroup;
			children = (
			);
			path = Model;
			sourceTree = "<group>";
		};
		856493141D2575B100B220CF /* View */ = {
			isa = PBXGroup;
			children = (
			);
			path = View;
			sourceTree = "<group>";
		};
		856493151D2575B100B220CF /* Me-我 */ = {
			isa = PBXGroup;
			children = (
				856493161D2575B100B220CF /* Controller */,
				856493191D2575B100B220CF /* Model */,
				8564931A1D2575B100B220CF /* View */,
			);
			path = "Me-我";
			sourceTree = "<group>";
		};
		856493161D2575B100B220CF /* Controller */ = {
			isa = PBXGroup;
			children = (
				856493171D2575B100B220CF /* XMGMeViewController.h */,
				856493181D2575B100B220CF /* XMGMeViewController.m */,
			);
			path = Controller;
			sourceTree = "<group>";
		};
		856493191D2575B100B220CF /* Model */ = {
			isa = PBXGroup;
			children = (
			);
			path = Model;
			sourceTree = "<group>";
		};
		8564931A1D2575B100B220CF /* View */ = {
			isa = PBXGroup;
			children = (
			);
			path = View;
			sourceTree = "<group>";
		};
		8564931B1D2575B100B220CF /* New-新贴 */ = {
			isa = PBXGroup;
			children = (
				8564931C1D2575B100B220CF /* Controller */,
				8564931F1D2575B100B220CF /* Model */,
				856493201D2575B100B220CF /* View */,
			);
			path = "New-新贴";
			sourceTree = "<group>";
		};
		8564931C1D2575B100B220CF /* Controller */ = {
			isa = PBXGroup;
			children = (
				8564931D1D2575B100B220CF /* XMGNewViewController.h */,
				8564931E1D2575B100B220CF /* XMGNewViewController.m */,
			);
			path = Controller;
			sourceTree = "<group>";
		};
		8564931F1D2575B100B220CF /* Model */ = {
			isa = PBXGroup;
			children = (
			);
			path = Model;
			sourceTree = "<group>";
		};
		856493201D2575B100B220CF /* View */ = {
			isa = PBXGroup;
			children = (
			);
			path = View;
			sourceTree = "<group>";
		};
		856493211D2575B100B220CF /* Other-其他 */ = {
			isa = PBXGroup;
			children = (
				856493221D2575B100B220CF /* AppDelegate.h */,
				856493231D2575B100B220CF /* AppDelegate.m */,
				856493241D2575B100B220CF /* Category */,
				856493291D2575B100B220CF /* Controller */,
				8564932C1D2575B100B220CF /* main.m */,
				8564932D1D2575B100B220CF /* PrefixHeader.pch */,
				8564932E1D2575B100B220CF /* View */,
			);
			path = "Other-其他";
			sourceTree = "<group>";
		};
		856493241D2575B100B220CF /* Category */ = {
			isa = PBXGroup;
			children = (
				856493251D2575B100B220CF /* UIBarButtonItem+XMGExtension.h */,
				856493261D2575B100B220CF /* UIBarButtonItem+XMGExtension.m */,
				856493271D2575B100B220CF /* UIView+XMGExtension.h */,
				856493281D2575B100B220CF /* UIView+XMGExtension.m */,
			);
			path = Category;
			sourceTree = "<group>";
		};
		856493291D2575B100B220CF /* Controller */ = {
			isa = PBXGroup;
			children = (
				8564932A1D2575B100B220CF /* XMGTabBarController.h */,
				8564932B1D2575B100B220CF /* XMGTabBarController.m */,
				85D802311D27C2CE00E5CBC6 /* XMGNavigationController.h */,
				85D802321D27C2CE00E5CBC6 /* XMGNavigationController.m */,
			);
			path = Controller;
			sourceTree = "<group>";
		};
		8564932E1D2575B100B220CF /* View */ = {
			isa = PBXGroup;
			children = (
				8564932F1D2575B100B220CF /* XMGTabBar.h */,
				856493301D2575B100B220CF /* XMGTabBar.m */,
			);
			path = View;
			sourceTree = "<group>";
		};
		85C7DD7E1D1FAF95007D1751 = {
			isa = PBXGroup;
			children = (
				85C7DD891D1FAF95007D1751 /* 百思不得姐 */,
				85C7DD881D1FAF95007D1751 /* Products */,
			);
			sourceTree = "<group>";
		};
		85C7DD881D1FAF95007D1751 /* Products */ = {
			isa = PBXGroup;
			children = (
				85C7DD871D1FAF95007D1751 /* 百思不得姐.app */,
			);
			name = Products;
			sourceTree = "<group>";
		};
		85C7DD891D1FAF95007D1751 /* 百思不得姐 */ = {
			isa = PBXGroup;
			children = (
				85C7DD8A1D1FAF95007D1751 /* Supporting Files */,
			);
			path = "百思不得姐";
			sourceTree = "<group>";
		};
		85C7DD8A1D1FAF95007D1751 /* Supporting Files */ = {
			isa = PBXGroup;
			children = (
				856493081D2575B100B220CF /* Classes */,
				85C7DD961D1FAF95007D1751 /* Assets.xcassets */,
				85C7DD931D1FAF95007D1751 /* Main.storyboard */,
				85C7DD9B1D1FAF95007D1751 /* Info.plist */,
			);
			name = "Supporting Files";
			sourceTree = "<group>";
		};
/* End PBXGroup section */

/* Begin PBXNativeTarget section */
		85C7DD861D1FAF95007D1751 /* 百思不得姐 */ = {
			isa = PBXNativeTarget;
			buildConfigurationList = 85C7DD9E1D1FAF95007D1751 /* Build configuration list for PBXNativeTarget "百思不得姐" */;
			buildPhases = (
				85C7DD831D1FAF95007D1751 /* Sources */,
				85C7DD841D1FAF95007D1751 /* Frameworks */,
				85C7DD851D1FAF95007D1751 /* Resources */,
			);
			buildRules = (
			);
			dependencies = (
			);
			name = "百思不得姐";
			productName = "百思不得姐";
			productReference = 85C7DD871D1FAF95007D1751 /* 百思不得姐.app */;
			productType = "com.apple.product-type.application";
		};
/* End PBXNativeTarget section */

/* Begin PBXProject section */
		85C7DD7F1D1FAF95007D1751 /* Project object */ = {
			isa = PBXProject;
			attributes = {
				CLASSPREFIX = XMG;
				LastUpgradeCheck = 0730;
				ORGANIZATIONNAME = apple;
				TargetAttributes = {
					85C7DD861D1FAF95007D1751 = {
						CreatedOnToolsVersion = 7.3.1;
						DevelopmentTeam = X2PZCX64NQ;
					};
				};
			};
			buildConfigurationList = 85C7DD821D1FAF95007D1751 /* Build configuration list for PBXProject "百思不得姐" */;
			compatibilityVersion = "Xcode 3.2";
			developmentRegion = English;
			hasScannedForEncodings = 0;
			knownRegions = (
				en,
				Base,
			);
			mainGroup = 85C7DD7E1D1FAF95007D1751;
			productRefGroup = 85C7DD881D1FAF95007D1751 /* Products */;
			projectDirPath = "";
			projectRoot = "";
			targets = (
				85C7DD861D1FAF95007D1751 /* 百思不得姐 */,
			);
		};
/* End PBXProject section */

/* Begin PBXResourcesBuildPhase section */
		85C7DD851D1FAF95007D1751 /* Resources */ = {
			isa = PBXResourcesBuildPhase;
			buildActionMask = 2147483647;
			files = (
				85C7DD971D1FAF95007D1751 /* Assets.xcassets in Resources */,
				8543744F1D2ABD9700EAD775 /* XMGFriendTrendsViewController.xib in Resources */,
				85C7DD951D1FAF95007D1751 /* Main.storyboard in Resources */,
			);
			runOnlyForDeploymentPostprocessing = 0;
		};
/* End PBXResourcesBuildPhase section */

/* Begin PBXSourcesBuildPhase section */
		85C7DD831D1FAF95007D1751 /* Sources */ = {
			isa = PBXSourcesBuildPhase;
			buildActionMask = 2147483647;
			files = (
				8564933A1D2575B100B220CF /* XMGTabBar.m in Sources */,
				85D802331D27C2CE00E5CBC6 /* XMGNavigationController.m in Sources */,
				856493331D2575B100B220CF /* XMGMeViewController.m in Sources */,
				856493311D2575B100B220CF /* XMGEssenceViewController.m in Sources */,
				856493341D2575B100B220CF /* XMGNewViewController.m in Sources */,
				856493371D2575B100B220CF /* UIView+XMGExtension.m in Sources */,
				856493381D2575B100B220CF /* XMGTabBarController.m in Sources */,
				856493321D2575B100B220CF /* XMGFriendTrendsViewController.m in Sources */,
				856493351D2575B100B220CF /* AppDelegate.m in Sources */,
				856493391D2575B100B220CF /* main.m in Sources */,
				856493361D2575B100B220CF /* UIBarButtonItem+XMGExtension.m in Sources */,
			);
			runOnlyForDeploymentPostprocessing = 0;
		};
/* End PBXSourcesBuildPhase section */

/* Begin PBXVariantGroup section */
		85C7DD931D1FAF95007D1751 /* Main.storyboard */ = {
			isa = PBXVariantGroup;
			children = (
				85C7DD941D1FAF95007D1751 /* Base */,
			);
			name = Main.storyboard;
			sourceTree = "<group>";
		};
/* End PBXVariantGroup section */

/* Begin XCBuildConfiguration section */
		85C7DD9C1D1FAF95007D1751 /* Debug */ = {
			isa = XCBuildConfiguration;
			buildSettings = {
				ALWAYS_SEARCH_USER_PATHS = NO;
				CLANG_ANALYZER_NONNULL = YES;
				CLANG_CXX_LANGUAGE_STANDARD = "gnu++0x";
				CLANG_CXX_LIBRARY = "libc++";
				CLANG_ENABLE_MODULES = YES;
				CLANG_ENABLE_OBJC_ARC = YES;
				CLANG_WARN_BOOL_CONVERSION = YES;
				CLANG_WARN_CONSTANT_CONVERSION = YES;
				CLANG_WARN_DIRECT_OBJC_ISA_USAGE = YES_ERROR;
				CLANG_WARN_EMPTY_BODY = YES;
				CLANG_WARN_ENUM_CONVERSION = YES;
				CLANG_WARN_INT_CONVERSION = YES;
				CLANG_WARN_OBJC_ROOT_CLASS = YES_ERROR;
				CLANG_WARN_UNREACHABLE_CODE = YES;
				CLANG_WARN__DUPLICATE_METHOD_MATCH = YES;
				"CODE_SIGN_IDENTITY[sdk=iphoneos*]" = "iPhone Developer";
				COPY_PHASE_STRIP = NO;
				DEBUG_INFORMATION_FORMAT = dwarf;
				ENABLE_STRICT_OBJC_MSGSEND = YES;
				ENABLE_TESTABILITY = YES;
				GCC_C_LANGUAGE_STANDARD = gnu99;
				GCC_DYNAMIC_NO_PIC = NO;
				GCC_NO_COMMON_BLOCKS = YES;
				GCC_OPTIMIZATION_LEVEL = 0;
				GCC_PREPROCESSOR_DEFINITIONS = (
					"DEBUG=1",
					"$(inherited)",
				);
				GCC_WARN_64_TO_32_BIT_CONVERSION = YES;
				GCC_WARN_ABOUT_RETURN_TYPE = YES_ERROR;
				GCC_WARN_UNDECLARED_SELECTOR = YES;
				GCC_WARN_UNINITIALIZED_AUTOS = YES_AGGRESSIVE;
				GCC_WARN_UNUSED_FUNCTION = YES;
				GCC_WARN_UNUSED_VARIABLE = YES;
				IPHONEOS_DEPLOYMENT_TARGET = 9.3;
				MTL_ENABLE_DEBUG_INFO = YES;
				ONLY_ACTIVE_ARCH = YES;
				SDKROOT = iphoneos;
			};
			name = Debug;
		};
		85C7DD9D1D1FAF95007D1751 /* Release */ = {
			isa = XCBuildConfiguration;
			buildSettings = {
				ALWAYS_SEARCH_USER_PATHS = NO;
				CLANG_ANALYZER_NONNULL = YES;
				CLANG_CXX_LANGUAGE_STANDARD = "gnu++0x";
				CLANG_CXX_LIBRARY = "libc++";
				CLANG_ENABLE_MODULES = YES;
				CLANG_ENABLE_OBJC_ARC = YES;
				CLANG_WARN_BOOL_CONVERSION = YES;
				CLANG_WARN_CONSTANT_CONVERSION = YES;
				CLANG_WARN_DIRECT_OBJC_ISA_USAGE = YES_ERROR;
				CLANG_WARN_EMPTY_BODY = YES;
				CLANG_WARN_ENUM_CONVERSION = YES;
				CLANG_WARN_INT_CONVERSION = YES;
				CLANG_WARN_OBJC_ROOT_CLASS = YES_ERROR;
				CLANG_WARN_UNREACHABLE_CODE = YES;
				CLANG_WARN__DUPLICATE_METHOD_MATCH = YES;
				"CODE_SIGN_IDENTITY[sdk=iphoneos*]" = "iPhone Developer";
				COPY_PHASE_STRIP = NO;
				DEBUG_INFORMATION_FORMAT = "dwarf-with-dsym";
				ENABLE_NS_ASSERTIONS = NO;
				ENABLE_STRICT_OBJC_MSGSEND = YES;
				GCC_C_LANGUAGE_STANDARD = gnu99;
				GCC_NO_COMMON_BLOCKS = YES;
				GCC_WARN_64_TO_32_BIT_CONVERSION = YES;
				GCC_WARN_ABOUT_RETURN_TYPE = YES_ERROR;
				GCC_WARN_UNDECLARED_SELECTOR = YES;
				GCC_WARN_UNINITIALIZED_AUTOS = YES_AGGRESSIVE;
				GCC_WARN_UNUSED_FUNCTION = YES;
				GCC_WARN_UNUSED_VARIABLE = YES;
				IPHONEOS_DEPLOYMENT_TARGET = 9.3;
				MTL_ENABLE_DEBUG_INFO = NO;
				SDKROOT = iphoneos;
				VALIDATE_PRODUCT = YES;
			};
			name = Release;
		};
		85C7DD9F1D1FAF95007D1751 /* Debug */ = {
			isa = XCBuildConfiguration;
			buildSettings = {
				ASSETCATALOG_COMPILER_APPICON_NAME = AppIcon;
				ASSETCATALOG_COMPILER_LAUNCHIMAGE_NAME = LaunchImage;
				GCC_PREFIX_HEADER = "百思不得姐/Classes/Other-其他/PrefixHeader.pch";
				INFOPLIST_FILE = "百思不得姐/Info.plist";
				LD_RUNPATH_SEARCH_PATHS = "$(inherited) @executable_path/Frameworks";
				PRODUCT_BUNDLE_IDENTIFIER = "com.jiandougang.-----";
				PRODUCT_NAME = "$(TARGET_NAME)";
			};
			name = Debug;
		};
		85C7DDA01D1FAF95007D1751 /* Release */ = {
			isa = XCBuildConfiguration;
			buildSettings = {
				ASSETCATALOG_COMPILER_APPICON_NAME = AppIcon;
				ASSETCATALOG_COMPILER_LAUNCHIMAGE_NAME = LaunchImage;
				GCC_PREFIX_HEADER = "百思不得姐/Classes/Other-其他/PrefixHeader.pch";
				INFOPLIST_FILE = "百思不得姐/Info.plist";
				LD_RUNPATH_SEARCH_PATHS = "$(inherited) @executable_path/Frameworks";
				PRODUCT_BUNDLE_IDENTIFIER = "com.jiandougang.-----";
				PRODUCT_NAME = "$(TARGET_NAME)";
			};
			name = Release;
		};
/* End XCBuildConfiguration section */

/* Begin XCConfigurationList section */
		85C7DD821D1FAF95007D1751 /* Build configuration list for PBXProject "百思不得姐" */ = {
			isa = XCConfigurationList;
			buildConfigurations = (
				85C7DD9C1D1FAF95007D1751 /* Debug */,
				85C7DD9D1D1FAF95007D1751 /* Release */,
			);
			defaultConfigurationIsVisible = 0;
			defaultConfigurationName = Release;
		};
		85C7DD9E1D1FAF95007D1751 /* Build configuration list for PBXNativeTarget "百思不得姐" */ = {
			isa = XCConfigurationList;
			buildConfigurations = (
				85C7DD9F1D1FAF95007D1751 /* Debug */,
				85C7DDA01D1FAF95007D1751 /* Release */,
			);
			defaultConfigurationIsVisible = 0;
			defaultConfigurationName = Release;
		};
/* End XCConfigurationList section */
	};
	rootObject = 85C7DD7F1D1FAF95007D1751 /* Project object */;
}
